// !$*UTF8*$!
{
	archiveVersion = 1;
	classes = {
	};
	objectVersion = 56;
	objects = {

/* Begin PBXBuildFile section */
		2AAF3E3E299E07B600CA60AD /* PlanetApp.swift in Sources */ = {isa = PBXBuildFile; fileRef = 2AAF3E3D299E07B600CA60AD /* PlanetApp.swift */; };
		2AAF3E42299E07B700CA60AD /* Assets.xcassets in Resources */ = {isa = PBXBuildFile; fileRef = 2AAF3E41299E07B700CA60AD /* Assets.xcassets */; };
		2AAF3E45299E07B700CA60AD /* Preview Assets.xcassets in Resources */ = {isa = PBXBuildFile; fileRef = 2AAF3E44299E07B700CA60AD /* Preview Assets.xcassets */; };
		2AAF3E4C299E07E400CA60AD /* Planet.swift in Sources */ = {isa = PBXBuildFile; fileRef = 2AAF3E4B299E07E400CA60AD /* Planet.swift */; };
		2AAF3E4E299E111300CA60AD /* PlanetAppViewModel.swift in Sources */ = {isa = PBXBuildFile; fileRef = 2AAF3E4D299E111300CA60AD /* PlanetAppViewModel.swift */; };
		2AAF3E50299E112300CA60AD /* PlanetAppView.swift in Sources */ = {isa = PBXBuildFile; fileRef = 2AAF3E4F299E112300CA60AD /* PlanetAppView.swift */; };
		2AAF3E52299E11CE00CA60AD /* PlanetModel.swift in Sources */ = {isa = PBXBuildFile; fileRef = 2AAF3E51299E11CE00CA60AD /* PlanetModel.swift */; };
		2AAF3E54299E16C800CA60AD /* PlanetExtension.swift in Sources */ = {isa = PBXBuildFile; fileRef = 2AAF3E53299E16C800CA60AD /* PlanetExtension.swift */; };
/* End PBXBuildFile section */

/* Begin PBXFileReference section */
		2AAF3E3A299E07B600CA60AD /* Planet.app */ = {isa = PBXFileReference; explicitFileType = wrapper.application; includeInIndex = 0; path = Planet.app; sourceTree = BUILT_PRODUCTS_DIR; };
		2AAF3E3D299E07B600CA60AD /* PlanetApp.swift */ = {isa = PBXFileReference; lastKnownFileType = sourcecode.swift; path = PlanetApp.swift; sourceTree = "<group>"; };
		2AAF3E41299E07B700CA60AD /* Assets.xcassets */ = {isa = PBXFileReference; lastKnownFileType = folder.assetcatalog; path = Assets.xcassets; sourceTree = "<group>"; };
		2AAF3E44299E07B700CA60AD /* Preview Assets.xcassets */ = {isa = PBXFileReference; lastKnownFileType = folder.assetcatalog; path = "Preview Assets.xcassets"; sourceTree = "<group>"; };
		2AAF3E4B299E07E400CA60AD /* Planet.swift */ = {isa = PBXFileReference; lastKnownFileType = sourcecode.swift; path = Planet.swift; sourceTree = "<group>"; };
		2AAF3E4D299E111300CA60AD /* PlanetAppViewModel.swift */ = {isa = PBXFileReference; lastKnownFileType = sourcecode.swift; path = PlanetAppViewModel.swift; sourceTree = "<group>"; };
		2AAF3E4F299E112300CA60AD /* PlanetAppView.swift */ = {isa = PBXFileReference; lastKnownFileType = sourcecode.swift; path = PlanetAppView.swift; sourceTree = "<group>"; };
		2AAF3E51299E11CE00CA60AD /* PlanetModel.swift */ = {isa = PBXFileReference; lastKnownFileType = sourcecode.swift; path = PlanetModel.swift; sourceTree = "<group>"; };
		2AAF3E53299E16C800CA60AD /* PlanetExtension.swift */ = {isa = PBXFileReference; lastKnownFileType = sourcecode.swift; path = PlanetExtension.swift; sourceTree = "<group>"; };
/* End PBXFileReference section */

/* Begin PBXFrameworksBuildPhase section */
		2AAF3E37299E07B600CA60AD /* Frameworks */ = {
			isa = PBXFrameworksBuildPhase;
			buildActionMask = 2147483647;
			files = (
			);
			runOnlyForDeploymentPostprocessing = 0;
		};
/* End PBXFrameworksBuildPhase section */

/* Begin PBXGroup section */
		2AAF3E31299E07B600CA60AD = {
			isa = PBXGroup;
			children = (
				2AAF3E3C299E07B600CA60AD /* Planet */,
				2AAF3E3B299E07B600CA60AD /* Products */,
			);
			sourceTree = "<group>";
		};
		2AAF3E3B299E07B600CA60AD /* Products */ = {
			isa = PBXGroup;
			children = (
				2AAF3E3A299E07B600CA60AD /* Planet.app */,
			);
			name = Products;
			sourceTree = "<group>";
		};
		2AAF3E3C299E07B600CA60AD /* Planet */ = {
			isa = PBXGroup;
			children = (
				2AAF3E4B299E07E400CA60AD /* Planet.swift */,
				2AAF3E3D299E07B600CA60AD /* PlanetApp.swift */,
				2AAF3E51299E11CE00CA60AD /* PlanetModel.swift */,
				2AAF3E53299E16C800CA60AD /* PlanetExtension.swift */,
				2AAF3E4D299E111300CA60AD /* PlanetAppViewModel.swift */,
				2AAF3E4F299E112300CA60AD /* PlanetAppView.swift */,
				2AAF3E41299E07B700CA60AD /* Assets.xcassets */,
				2AAF3E43299E07B700CA60AD /* Preview Content */,
			);
			path = Planet;
			sourceTree = "<group>";
		};
		2AAF3E43299E07B700CA60AD /* Preview Content */ = {
			isa = PBXGroup;
			children = (
				2AAF3E44299E07B700CA60AD /* Preview Assets.xcassets */,
			);
			path = "Preview Content";
			sourceTree = "<group>";
		};
/* End PBXGroup section */

/* Begin PBXNativeTarget section */
		2AAF3E39299E07B600CA60AD /* Planet */ = {
			isa = PBXNativeTarget;
			buildConfigurationList = 2AAF3E48299E07B700CA60AD /* Build configuration list for PBXNativeTarget "Planet" */;
			buildPhases = (
				2AAF3E36299E07B600CA60AD /* Sources */,
				2AAF3E37299E07B600CA60AD /* Frameworks */,
				2AAF3E38299E07B600CA60AD /* Resources */,
			);
			buildRules = (
			);
			dependencies = (
			);
			name = Planet;
			productName = Planet;
			productReference = 2AAF3E3A299E07B600CA60AD /* Planet.app */;
			productType = "com.apple.product-type.application";
		};
/* End PBXNativeTarget section */

/* Begin PBXProject section */
		2AAF3E32299E07B600CA60AD /* Project object */ = {
			isa = PBXProject;
			attributes = {
				BuildIndependentTargetsInParallel = 1;
				LastSwiftUpdateCheck = 1420;
				LastUpgradeCheck = 1420;
				TargetAttributes = {
					2AAF3E39299E07B600CA60AD = {
						CreatedOnToolsVersion = 14.2;
					};
				};
			};
			buildConfigurationList = 2AAF3E35299E07B600CA60AD /* Build configuration list for PBXProject "Planet" */;
			compatibilityVersion = "Xcode 14.0";
			developmentRegion = en;
			hasScannedForEncodings = 0;
			knownRegions = (
				en,
				Base,
			);
			mainGroup = 2AAF3E31299E07B600CA60AD;
			productRefGroup = 2AAF3E3B299E07B600CA60AD /* Products */;
			projectDirPath = "";
			projectRoot = "";
			targets = (
				2AAF3E39299E07B600CA60AD /* Planet */,
			);
		};
/* End PBXProject section */

/* Begin PBXResourcesBuildPhase section */
		2AAF3E38299E07B600CA60AD /* Resources */ = {
			isa = PBXResourcesBuildPhase;
			buildActionMask = 2147483647;
			files = (
				2AAF3E45299E07B700CA60AD /* Preview Assets.xcassets in Resources */,
				2AAF3E42299E07B700CA60AD /* Assets.xcassets in Resources */,
			);
			runOnlyForDeploymentPostprocessing = 0;
		};
/* End PBXResourcesBuildPhase section */

/* Begin PBXSourcesBuildPhase section */
		2AAF3E36299E07B600CA60AD /* Sources */ = {
			isa = PBXSourcesBuildPhase;
			buildActionMask = 2147483647;
			files = (
				2AAF3E4E299E111300CA60AD /* PlanetAppViewModel.swift in Sources */,
				2AAF3E54299E16C800CA60AD /* PlanetExtension.swift in Sources */,
				2AAF3E4C299E07E400CA60AD /* Planet.swift in Sources */,
				2AAF3E50299E112300CA60AD /* PlanetAppView.swift in Sources */,
				2AAF3E3E299E07B600CA60AD /* PlanetApp.swift in Sources */,
				2AAF3E52299E11CE00CA60AD /* PlanetModel.swift in Sources */,
			);
			runOnlyForDeploymentPostprocessing = 0;
		};
/* End PBXSourcesBuildPhase section */

/* Begin XCBuildConfiguration section */
		2AAF3E46299E07B700CA60AD /* Debug */ = {
			isa = XCBuildConfiguration;
			buildSettings = {
				ALWAYS_SEARCH_USER_PATHS = NO;
				CLANG_ANALYZER_NONNULL = YES;
				CLANG_ANALYZER_NUMBER_OBJECT_CONVERSION = YES_AGGRESSIVE;
				CLANG_CXX_LANGUAGE_STANDARD = "gnu++20";
				CLANG_ENABLE_MODULES = YES;
				CLANG_ENABLE_OBJC_ARC = YES;
				CLANG_ENABLE_OBJC_WEAK = YES;
				CLANG_WARN_BLOCK_CAPTURE_AUTORELEASING = YES;
				CLANG_WARN_BOOL_CONVERSION = YES;
				CLANG_WARN_COMMA = YES;
				CLANG_WARN_CONSTANT_CONVERSION = YES;
				CLANG_WARN_DEPRECATED_OBJC_IMPLEMENTATIONS = YES;
				CLANG_WARN_DIRECT_OBJC_ISA_USAGE = YES_ERROR;
				CLANG_WARN_DOCUMENTATION_COMMENTS = YES;
				CLANG_WARN_EMPTY_BODY = YES;
				CLANG_WARN_ENUM_CONVERSION = YES;
				CLANG_WARN_INFINITE_RECURSION = YES;
				CLANG_WARN_INT_CONVERSION = YES;
				CLANG_WARN_NON_LITERAL_NULL_CONVERSION = YES;
				CLANG_WARN_OBJC_IMPLICIT_RETAIN_SELF = YES;
				CLANG_WARN_OBJC_LITERAL_CONVERSION = YES;
				CLANG_WARN_OBJC_ROOT_CLASS = YES_ERROR;
				CLANG_WARN_QUOTED_INCLUDE_IN_FRAMEWORK_HEADER = YES;
				CLANG_WARN_RANGE_LOOP_ANALYSIS = YES;
				CLANG_WARN_STRICT_PROTOTYPES = YES;
				CLANG_WARN_SUSPICIOUS_MOVE = YES;
				CLANG_WARN_UNGUARDED_AVAILABILITY = YES_AGGRESSIVE;
				CLANG_WARN_UNREACHABLE_CODE = YES;
				CLANG_WARN__DUPLICATE_METHOD_MATCH = YES;
				COPY_PHASE_STRIP = NO;
				DEBUG_INFORMATION_FORMAT = dwarf;
				ENABLE_STRICT_OBJC_MSGSEND = YES;
				ENABLE_TESTABILITY = YES;
				GCC_C_LANGUAGE_STANDARD = gnu11;
				GCC_DYNAMIC_NO_PIC = NO;
				GCC_NO_COMMON_BLOCKS = YES;
				GCC_OPTIMIZATION_LEVEL = 0;
				GCC_PREPROCESSOR_DEFINITIONS = (
					"DEBUG=1",
					"$(inherited)",
				);
				GCC_WARN_64_TO_32_BIT_CONVERSION = YES;
				GCC_WARN_ABOUT_RETURN_TYPE = YES_ERROR;
				GCC_WARN_UNDECLARED_SELECTOR = YES;
				GCC_WARN_UNINITIALIZED_AUTOS = YES_AGGRESSIVE;
				GCC_WARN_UNUSED_FUNCTION = YES;
				GCC_WARN_UNUSED_VARIABLE = YES;
				IPHONEOS_DEPLOYMENT_TARGET = 16.2;
				MTL_ENABLE_DEBUG_INFO = INCLUDE_SOURCE;
				MTL_FAST_MATH = YES;
				ONLY_ACTIVE_ARCH = YES;
				SDKROOT = iphoneos;
				SWIFT_ACTIVE_COMPILATION_CONDITIONS = DEBUG;
				SWIFT_OPTIMIZATION_LEVEL = "-Onone";
			};
			name = Debug;
		};
		2AAF3E47299E07B700CA60AD /* Release */ = {
			isa = XCBuildConfiguration;
			buildSettings = {
				ALWAYS_SEARCH_USER_PATHS = NO;
				CLANG_ANALYZER_NONNULL = YES;
				CLANG_ANALYZER_NUMBER_OBJECT_CONVERSION = YES_AGGRESSIVE;
				CLANG_CXX_LANGUAGE_STANDARD = "gnu++20";
				CLANG_ENABLE_MODULES = YES;
				CLANG_ENABLE_OBJC_ARC = YES;
				CLANG_ENABLE_OBJC_WEAK = YES;
				CLANG_WARN_BLOCK_CAPTURE_AUTORELEASING = YES;
				CLANG_WARN_BOOL_CONVERSION = YES;
				CLANG_WARN_COMMA = YES;
				CLANG_WARN_CONSTANT_CONVERSION = YES;
				CLANG_WARN_DEPRECATED_OBJC_IMPLEMENTATIONS = YES;
				CLANG_WARN_DIRECT_OBJC_ISA_USAGE = YES_ERROR;
				CLANG_WARN_DOCUMENTATION_COMMENTS = YES;
				CLANG_WARN_EMPTY_BODY = YES;
				CLANG_WARN_ENUM_CONVERSION = YES;
				CLANG_WARN_INFINITE_RECURSION = YES;
				CLANG_WARN_INT_CONVERSION = YES;
				CLANG_WARN_NON_LITERAL_NULL_CONVERSION = YES;
				CLANG_WARN_OBJC_IMPLICIT_RETAIN_SELF = YES;
				CLANG_WARN_OBJC_LITERAL_CONVERSION = YES;
				CLANG_WARN_OBJC_ROOT_CLASS = YES_ERROR;
				CLANG_WARN_QUOTED_INCLUDE_IN_FRAMEWORK_HEADER = YES;
				CLANG_WARN_RANGE_LOOP_ANALYSIS = YES;
				CLANG_WARN_STRICT_PROTOTYPES = YES;
				CLANG_WARN_SUSPICIOUS_MOVE = YES;
				CLANG_WARN_UNGUARDED_AVAILABILITY = YES_AGGRESSIVE;
				CLANG_WARN_UNREACHABLE_CODE = YES;
				CLANG_WARN__DUPLICATE_METHOD_MATCH = YES;
				COPY_PHASE_STRIP = NO;
				DEBUG_INFORMATION_FORMAT = "dwarf-with-dsym";
				ENABLE_NS_ASSERTIONS = NO;
				ENABLE_STRICT_OBJC_MSGSEND = YES;
				GCC_C_LANGUAGE_STANDARD = gnu11;
				GCC_NO_COMMON_BLOCKS = YES;
				GCC_WARN_64_TO_32_BIT_CONVERSION = YES;
				GCC_WARN_ABOUT_RETURN_TYPE = YES_ERROR;
				GCC_WARN_UNDECLARED_SELECTOR = YES;
				GCC_WARN_UNINITIALIZED_AUTOS = YES_AGGRESSIVE;
				GCC_WARN_UNUSED_FUNCTION = YES;
				GCC_WARN_UNUSED_VARIABLE = YES;
				IPHONEOS_DEPLOYMENT_TARGET = 16.2;
				MTL_ENABLE_DEBUG_INFO = NO;
				MTL_FAST_MATH = YES;
				SDKROOT = iphoneos;
				SWIFT_COMPILATION_MODE = wholemodule;
				SWIFT_OPTIMIZATION_LEVEL = "-O";
				VALIDATE_PRODUCT = YES;
			};
			name = Release;
		};
		2AAF3E49299E07B700CA60AD /* Debug */ = {
			isa = XCBuildConfiguration;
			buildSettings = {
				ASSETCATALOG_COMPILER_APPICON_NAME = AppIcon;
				ASSETCATALOG_COMPILER_GLOBAL_ACCENT_COLOR_NAME = AccentColor;
				CODE_SIGN_STYLE = Automatic;
				CURRENT_PROJECT_VERSION = 1;
				DEVELOPMENT_ASSET_PATHS = "\"Planet/Preview Content\"";
				DEVELOPMENT_TEAM = 3SCMMGZXY8;
				ENABLE_PREVIEWS = YES;
				GENERATE_INFOPLIST_FILE = YES;
				INFOPLIST_KEY_UIApplicationSceneManifest_Generation = YES;
				INFOPLIST_KEY_UIApplicationSupportsIndirectInputEvents = YES;
				INFOPLIST_KEY_UILaunchScreen_Generation = YES;
				INFOPLIST_KEY_UISupportedInterfaceOrientations_iPad = "UIInterfaceOrientationPortrait UIInterfaceOrientationPortraitUpsideDown UIInterfaceOrientationLandscapeLeft UIInterfaceOrientationLandscapeRight";
				INFOPLIST_KEY_UISupportedInterfaceOrientations_iPhone = "UIInterfaceOrientationPortrait UIInterfaceOrientationLandscapeLeft UIInterfaceOrientationLandscapeRight";
				LD_RUNPATH_SEARCH_PATHS = (
					"$(inherited)",
					"@executable_path/Frameworks",
				);
				MARKETING_VERSION = 1.0;
				PRODUCT_BUNDLE_IDENTIFIER = space.airwolf.Planet;
				PRODUCT_NAME = "$(TARGET_NAME)";
				SWIFT_EMIT_LOC_STRINGS = YES;
				SWIFT_VERSION = 5.0;
				TARGETED_DEVICE_FAMILY = "1,2";
			};
			name = Debug;
		};
		2AAF3E4A299E07B700CA60AD /* Release */ = {
			isa = XCBuildConfiguration;
			buildSettings = {
				ASSETCATALOG_COMPILER_APPICON_NAME = AppIcon;
				ASSETCATALOG_COMPILER_GLOBAL_ACCENT_COLOR_NAME = AccentColor;
				CODE_SIGN_STYLE = Automatic;
				CURRENT_PROJECT_VERSION = 1;
				DEVELOPMENT_ASSET_PATHS = "\"Planet/Preview Content\"";
				DEVELOPMENT_TEAM = 3SCMMGZXY8;
				ENABLE_PREVIEWS = YES;
				GENERATE_INFOPLIST_FILE = YES;
				INFOPLIST_KEY_UIApplicationSceneManifest_Generation = YES;
				INFOPLIST_KEY_UIApplicationSupportsIndirectInputEvents = YES;
				INFOPLIST_KEY_UILaunchScreen_Generation = YES;
				INFOPLIST_KEY_UISupportedInterfaceOrientations_iPad = "UIInterfaceOrientationPortrait UIInterfaceOrientationPortraitUpsideDown UIInterfaceOrientationLandscapeLeft UIInterfaceOrientationLandscapeRight";
				INFOPLIST_KEY_UISupportedInterfaceOrientations_iPhone = "UIInterfaceOrientationPortrait UIInterfaceOrientationLandscapeLeft UIInterfaceOrientationLandscapeRight";
				LD_RUNPATH_SEARCH_PATHS = (
					"$(inherited)",
					"@executable_path/Frameworks",
				);
				MARKETING_VERSION = 1.0;
				PRODUCT_BUNDLE_IDENTIFIER = space.airwolf.Planet;
				PRODUCT_NAME = "$(TARGET_NAME)";
				SWIFT_EMIT_LOC_STRINGS = YES;
				SWIFT_VERSION = 5.0;
				TARGETED_DEVICE_FAMILY = "1,2";
			};
			name = Release;
		};
/* End XCBuildConfiguration section */

/* Begin XCConfigurationList section */
		2AAF3E35299E07B600CA60AD /* Build configuration list for PBXProject "Planet" */ = {
			isa = XCConfigurationList;
			buildConfigurations = (
				2AAF3E46299E07B700CA60AD /* Debug */,
				2AAF3E47299E07B700CA60AD /* Release */,
			);
			defaultConfigurationIsVisible = 0;
			defaultConfigurationName = Release;
		};
		2AAF3E48299E07B700CA60AD /* Build configuration list for PBXNativeTarget "Planet" */ = {
			isa = XCConfigurationList;
			buildConfigurations = (
				2AAF3E49299E07B700CA60AD /* Debug */,
				2AAF3E4A299E07B700CA60AD /* Release */,
			);
			defaultConfigurationIsVisible = 0;
			defaultConfigurationName = Release;
		};
/* End XCConfigurationList section */
	};
	rootObject = 2AAF3E32299E07B600CA60AD /* Project object */;
}
