// !$*UTF8*$!
{
	archiveVersion = 1;
	classes = {
	};
	objectVersion = 56;
	objects = {

/* Begin PBXBuildFile section */
		2A25932B2BA9327800DE758C /* PrivacyInfo.xcprivacy in Resources */ = {isa = PBXBuildFile; fileRef = 2A25932A2BA9327800DE758C /* PrivacyInfo.xcprivacy */; };
		2A2748342B200E5300725487 /* PlanetAppTab.swift in Sources */ = {isa = PBXBuildFile; fileRef = 2A2748332B200E5300725487 /* PlanetAppTab.swift */; };
		2A2748362B200E7800725487 /* PlanetArticle.swift in Sources */ = {isa = PBXBuildFile; fileRef = 2A2748352B200E7800725487 /* PlanetArticle.swift */; };
		2A2748382B200EB200725487 /* PlanetServerInfo.swift in Sources */ = {isa = PBXBuildFile; fileRef = 2A2748372B200EB200725487 /* PlanetServerInfo.swift */; };
		2A3385A12B33E97D0079A900 /* PlanetArticleAttachmentsView.swift in Sources */ = {isa = PBXBuildFile; fileRef = 2A3385A02B33E97D0079A900 /* PlanetArticleAttachmentsView.swift */; };
		2A3385A32B33E9CB0079A900 /* PlanetNewDraftView.swift in Sources */ = {isa = PBXBuildFile; fileRef = 2A3385A22B33E9CB0079A900 /* PlanetNewDraftView.swift */; };
		2A5832A12B281CF200A478CA /* Stencil in Frameworks */ = {isa = PBXBuildFile; productRef = 2A5832A02B281CF200A478CA /* Stencil */; };
		2A6386C12B14D21400451465 /* PlanetStatus.swift in Sources */ = {isa = PBXBuildFile; fileRef = 2A6386C02B14D21400451465 /* PlanetStatus.swift */; };
		2A6A01602B062E6C007D3DD0 /* PlanetEditArticleView.swift in Sources */ = {isa = PBXBuildFile; fileRef = 2A6A015F2B062E6C007D3DD0 /* PlanetEditArticleView.swift */; };
		2A6A01622B0BB1E6007D3DD0 /* PlanetAppView.swift in Sources */ = {isa = PBXBuildFile; fileRef = 2A6A01612B0BB1E6007D3DD0 /* PlanetAppView.swift */; };
		2A72D05E2B2968380022C376 /* PlanetDraftsView.swift in Sources */ = {isa = PBXBuildFile; fileRef = 2A72D05D2B2968380022C376 /* PlanetDraftsView.swift */; };
		2A7F092A2B2B4A1B00E19B84 /* PlanetPreviewArticleView.swift in Sources */ = {isa = PBXBuildFile; fileRef = 2A7F09292B2B4A1B00E19B84 /* PlanetPreviewArticleView.swift */; };
		2A85B0712B2862E200CF6823 /* libcmark_gfm in Frameworks */ = {isa = PBXBuildFile; productRef = 2A85B0702B2862E200CF6823 /* libcmark_gfm */; };
		2A85B0742B28630E00CF6823 /* SwiftSoup in Frameworks */ = {isa = PBXBuildFile; productRef = 2A85B0732B28630E00CF6823 /* SwiftSoup */; };
		2A85B0762B28633400CF6823 /* MarkdownUtils.swift in Sources */ = {isa = PBXBuildFile; fileRef = 2A85B0752B28633400CF6823 /* MarkdownUtils.swift */; };
		2A85B0792B28636600CF6823 /* HTMLEntities in Frameworks */ = {isa = PBXBuildFile; productRef = 2A85B0782B28636600CF6823 /* HTMLEntities */; };
		2A85B07B2B286AFF00CF6823 /* WriterBasic.html in Resources */ = {isa = PBXBuildFile; fileRef = 2A85B07A2B286AFF00CF6823 /* WriterBasic.html */; };
		2A85FAAD2C9CB04B00637B91 /* WriterBasic.html in Resources */ = {isa = PBXBuildFile; fileRef = 2A85B07A2B286AFF00CF6823 /* WriterBasic.html */; };
		2A9C28B12B01FECB001303A7 /* KeychainHelper.swift in Sources */ = {isa = PBXBuildFile; fileRef = 2A9C28B02B01FECB001303A7 /* KeychainHelper.swift */; };
		2A9C28B32B01FF26001303A7 /* PlanetError.swift in Sources */ = {isa = PBXBuildFile; fileRef = 2A9C28B22B01FF26001303A7 /* PlanetError.swift */; };
		2AAF30292C9B2AF0004EA463 /* PlanetQuickShareViewController.swift in Sources */ = {isa = PBXBuildFile; fileRef = 2AAF30282C9B2AF0004EA463 /* PlanetQuickShareViewController.swift */; };
		2AAF30302C9B2AF0004EA463 /* PlanetShare.appex in Embed Foundation Extensions */ = {isa = PBXBuildFile; fileRef = 2AAF30262C9B2AF0004EA463 /* PlanetShare.appex */; settings = {ATTRIBUTES = (RemoveHeadersOnCopy, ); }; };
		2AAF30382C9B4DB7004EA463 /* PlanetShareManager.swift in Sources */ = {isa = PBXBuildFile; fileRef = 2AAF30372C9B4DB7004EA463 /* PlanetShareManager.swift */; };
		2AAF30392C9B4DDA004EA463 /* PlanetShareManager.swift in Sources */ = {isa = PBXBuildFile; fileRef = 2AAF30372C9B4DB7004EA463 /* PlanetShareManager.swift */; };
		2AAF303B2C9B518A004EA463 /* Planet.swift in Sources */ = {isa = PBXBuildFile; fileRef = 6A73C0B52AF5CCFB00EEF711 /* Planet.swift */; };
		2AAF303C2C9B51C9004EA463 /* PlanetManager.swift in Sources */ = {isa = PBXBuildFile; fileRef = 2AC7CC0A29A141EF0089C58C /* PlanetManager.swift */; };
		2AAF303D2C9B51D7004EA463 /* PlanetArticle.swift in Sources */ = {isa = PBXBuildFile; fileRef = 2A2748352B200E7800725487 /* PlanetArticle.swift */; };
		2AAF303E2C9B51FF004EA463 /* PlanetAvatarView.swift in Sources */ = {isa = PBXBuildFile; fileRef = 2AC8D6E82B03BE5400AA0E32 /* PlanetAvatarView.swift */; };
		2AAF303F2C9B520C004EA463 /* ViewUtils.swift in Sources */ = {isa = PBXBuildFile; fileRef = 6A4F524F2AF4128000323A81 /* ViewUtils.swift */; };
		2AAF30402C9B5215004EA463 /* PlanetAppViewModel.swift in Sources */ = {isa = PBXBuildFile; fileRef = 2AAF3E4D299E111300CA60AD /* PlanetAppViewModel.swift */; };
		2AAF30412C9B5237004EA463 /* PlanetAppTab.swift in Sources */ = {isa = PBXBuildFile; fileRef = 2A2748332B200E5300725487 /* PlanetAppTab.swift */; };
		2AAF30422C9B5245004EA463 /* PlanetExtension.swift in Sources */ = {isa = PBXBuildFile; fileRef = 2AAF3E53299E16C800CA60AD /* PlanetExtension.swift */; };
		2AAF30452C9B5264004EA463 /* SwiftSoup in Frameworks */ = {isa = PBXBuildFile; productRef = 2AAF30442C9B5264004EA463 /* SwiftSoup */; };
		2AAF30472C9B526E004EA463 /* Stencil in Frameworks */ = {isa = PBXBuildFile; productRef = 2AAF30462C9B526E004EA463 /* Stencil */; };
		2AAF30482C9B528F004EA463 /* PlanetStatus.swift in Sources */ = {isa = PBXBuildFile; fileRef = 2A6386C02B14D21400451465 /* PlanetStatus.swift */; };
		2AAF30492C9B52AA004EA463 /* PlanetSettingsViewModel.swift in Sources */ = {isa = PBXBuildFile; fileRef = 2AC7CC0529A0B4E50089C58C /* PlanetSettingsViewModel.swift */; };
		2AAF304A2C9B52BC004EA463 /* KeychainHelper.swift in Sources */ = {isa = PBXBuildFile; fileRef = 2A9C28B02B01FECB001303A7 /* KeychainHelper.swift */; };
		2AAF304B2C9B52DB004EA463 /* PlanetError.swift in Sources */ = {isa = PBXBuildFile; fileRef = 2A9C28B22B01FF26001303A7 /* PlanetError.swift */; };
		2AAF304C2C9B52E6004EA463 /* PlanetServerInfo.swift in Sources */ = {isa = PBXBuildFile; fileRef = 2A2748372B200EB200725487 /* PlanetServerInfo.swift */; };
		2AAF304E2C9B534F004EA463 /* libcmark_gfm in Frameworks */ = {isa = PBXBuildFile; productRef = 2AAF304D2C9B534F004EA463 /* libcmark_gfm */; };
		2AAF30502C9B5352004EA463 /* HTMLEntities in Frameworks */ = {isa = PBXBuildFile; productRef = 2AAF304F2C9B5352004EA463 /* HTMLEntities */; };
		2AAF30512C9B537C004EA463 /* PlanetHelper.swift in Sources */ = {isa = PBXBuildFile; fileRef = 2AC7CC2029A240AE0089C58C /* PlanetHelper.swift */; };
		2AAF30522C9B5384004EA463 /* MarkdownUtils.swift in Sources */ = {isa = PBXBuildFile; fileRef = 2A85B0752B28633400CF6823 /* MarkdownUtils.swift */; };
		2AAF30542C9B5395004EA463 /* PlanetSiteTemplates in Frameworks */ = {isa = PBXBuildFile; productRef = 2AAF30532C9B5395004EA463 /* PlanetSiteTemplates */; };
		2AAF3E3E299E07B600CA60AD /* PlanetApp.swift in Sources */ = {isa = PBXBuildFile; fileRef = 2AAF3E3D299E07B600CA60AD /* PlanetApp.swift */; };
		2AAF3E42299E07B700CA60AD /* Assets.xcassets in Resources */ = {isa = PBXBuildFile; fileRef = 2AAF3E41299E07B700CA60AD /* Assets.xcassets */; };
		2AAF3E45299E07B700CA60AD /* Preview Assets.xcassets in Resources */ = {isa = PBXBuildFile; fileRef = 2AAF3E44299E07B700CA60AD /* Preview Assets.xcassets */; };
		2AAF3E4E299E111300CA60AD /* PlanetAppViewModel.swift in Sources */ = {isa = PBXBuildFile; fileRef = 2AAF3E4D299E111300CA60AD /* PlanetAppViewModel.swift */; };
		2AAF3E54299E16C800CA60AD /* PlanetExtension.swift in Sources */ = {isa = PBXBuildFile; fileRef = 2AAF3E53299E16C800CA60AD /* PlanetExtension.swift */; };
		2ABD4A812CBE1165008A4E8E /* PlanetArticleDownloader.swift in Sources */ = {isa = PBXBuildFile; fileRef = 2ABD4A802CBE115C008A4E8E /* PlanetArticleDownloader.swift */; };
		2ABD4A822CBE1165008A4E8E /* PlanetArticleDownloader.swift in Sources */ = {isa = PBXBuildFile; fileRef = 2ABD4A802CBE115C008A4E8E /* PlanetArticleDownloader.swift */; };
		2AC03E512B15AE7C0026144A /* PlanetSiteTemplates in Frameworks */ = {isa = PBXBuildFile; productRef = 2AC03E502B15AE7C0026144A /* PlanetSiteTemplates */; };
		2AC6A3A529A3F63A00636DC5 /* PlanetTextView.swift in Sources */ = {isa = PBXBuildFile; fileRef = 2AC6A3A429A3F63A00636DC5 /* PlanetTextView.swift */; };
		2AC7CC0229A0ACAA0089C58C /* PlanetSettingsView.swift in Sources */ = {isa = PBXBuildFile; fileRef = 2AC7CC0129A0ACAA0089C58C /* PlanetSettingsView.swift */; };
		2AC7CC0629A0B4E50089C58C /* PlanetSettingsViewModel.swift in Sources */ = {isa = PBXBuildFile; fileRef = 2AC7CC0529A0B4E50089C58C /* PlanetSettingsViewModel.swift */; };
		2AC7CC0829A13E360089C58C /* PlanetMyPlanetsView.swift in Sources */ = {isa = PBXBuildFile; fileRef = 2AC7CC0729A13E360089C58C /* PlanetMyPlanetsView.swift */; };
		2AC7CC0B29A141EF0089C58C /* PlanetManager.swift in Sources */ = {isa = PBXBuildFile; fileRef = 2AC7CC0A29A141EF0089C58C /* PlanetManager.swift */; };
		2AC7CC0F29A153E50089C58C /* PlanetMyPlanetInfoView.swift in Sources */ = {isa = PBXBuildFile; fileRef = 2AC7CC0E29A153E50089C58C /* PlanetMyPlanetInfoView.swift */; };
		2AC7CC1329A156850089C58C /* PlanetNewPlanetView.swift in Sources */ = {isa = PBXBuildFile; fileRef = 2AC7CC1229A156850089C58C /* PlanetNewPlanetView.swift */; };
		2AC7CC2129A240AE0089C58C /* PlanetHelper.swift in Sources */ = {isa = PBXBuildFile; fileRef = 2AC7CC2029A240AE0089C58C /* PlanetHelper.swift */; };
		2AC7CC2329A2AD510089C58C /* PlanetLatestView.swift in Sources */ = {isa = PBXBuildFile; fileRef = 2AC7CC2229A2AD510089C58C /* PlanetLatestView.swift */; };
		2AC7CC2629A2AE6B0089C58C /* PlanetNewArticleView.swift in Sources */ = {isa = PBXBuildFile; fileRef = 2AC7CC2529A2AE6B0089C58C /* PlanetNewArticleView.swift */; };
		2AC7CC2A29A38B9A0089C58C /* PlanetLatestItemView.swift in Sources */ = {isa = PBXBuildFile; fileRef = 2AC7CC2929A38B9A0089C58C /* PlanetLatestItemView.swift */; };
		2AC7CC2C29A38E880089C58C /* PlanetArticleView.swift in Sources */ = {isa = PBXBuildFile; fileRef = 2AC7CC2B29A38E880089C58C /* PlanetArticleView.swift */; };
		2AC7CC2E29A3AA2E0089C58C /* PlanetArticleWebView.swift in Sources */ = {isa = PBXBuildFile; fileRef = 2AC7CC2D29A3AA2E0089C58C /* PlanetArticleWebView.swift */; };
		2AC8D6E92B03BE5400AA0E32 /* PlanetAvatarView.swift in Sources */ = {isa = PBXBuildFile; fileRef = 2AC8D6E82B03BE5400AA0E32 /* PlanetAvatarView.swift */; };
		2ACD8CD72B3302CD004FB4C4 /* PlanetPickerView.swift in Sources */ = {isa = PBXBuildFile; fileRef = 2ACD8CD62B3302CD004FB4C4 /* PlanetPickerView.swift */; };
		6A4F52502AF4128000323A81 /* ViewUtils.swift in Sources */ = {isa = PBXBuildFile; fileRef = 6A4F524F2AF4128000323A81 /* ViewUtils.swift */; };
		6A5EA27E2AECF9BA006DEBC1 /* BonjourListView.swift in Sources */ = {isa = PBXBuildFile; fileRef = 6A5EA27D2AECF9BA006DEBC1 /* BonjourListView.swift */; };
		6A73C0B62AF5CCFB00EEF711 /* Planet.swift in Sources */ = {isa = PBXBuildFile; fileRef = 6A73C0B52AF5CCFB00EEF711 /* Planet.swift */; };
/* End PBXBuildFile section */

/* Begin PBXContainerItemProxy section */
		2AAF302E2C9B2AF0004EA463 /* PBXContainerItemProxy */ = {
			isa = PBXContainerItemProxy;
			containerPortal = 2AAF3E32299E07B600CA60AD /* Project object */;
			proxyType = 1;
			remoteGlobalIDString = 2AAF30252C9B2AF0004EA463;
			remoteInfo = PlanetShare;
		};
/* End PBXContainerItemProxy section */

/* Begin PBXCopyFilesBuildPhase section */
		2AAF30312C9B2AF0004EA463 /* Embed Foundation Extensions */ = {
			isa = PBXCopyFilesBuildPhase;
			buildActionMask = 2147483647;
			dstPath = "";
			dstSubfolderSpec = 13;
			files = (
				2AAF30302C9B2AF0004EA463 /* PlanetShare.appex in Embed Foundation Extensions */,
			);
			name = "Embed Foundation Extensions";
			runOnlyForDeploymentPostprocessing = 0;
		};
/* End PBXCopyFilesBuildPhase section */

/* Begin PBXFileReference section */
		2A1324BE2B9AAA5D002329F0 /* Planet.entitlements */ = {isa = PBXFileReference; lastKnownFileType = text.plist.entitlements; path = Planet.entitlements; sourceTree = "<group>"; };
		2A25932A2BA9327800DE758C /* PrivacyInfo.xcprivacy */ = {isa = PBXFileReference; lastKnownFileType = text.xml; path = PrivacyInfo.xcprivacy; sourceTree = "<group>"; };
		2A2748332B200E5300725487 /* PlanetAppTab.swift */ = {isa = PBXFileReference; lastKnownFileType = sourcecode.swift; path = PlanetAppTab.swift; sourceTree = "<group>"; };
		2A2748352B200E7800725487 /* PlanetArticle.swift */ = {isa = PBXFileReference; lastKnownFileType = sourcecode.swift; path = PlanetArticle.swift; sourceTree = "<group>"; };
		2A2748372B200EB200725487 /* PlanetServerInfo.swift */ = {isa = PBXFileReference; lastKnownFileType = sourcecode.swift; path = PlanetServerInfo.swift; sourceTree = "<group>"; };
		2A3385A02B33E97D0079A900 /* PlanetArticleAttachmentsView.swift */ = {isa = PBXFileReference; lastKnownFileType = sourcecode.swift; path = PlanetArticleAttachmentsView.swift; sourceTree = "<group>"; };
		2A3385A22B33E9CB0079A900 /* PlanetNewDraftView.swift */ = {isa = PBXFileReference; lastKnownFileType = sourcecode.swift; path = PlanetNewDraftView.swift; sourceTree = "<group>"; };
		2A6386C02B14D21400451465 /* PlanetStatus.swift */ = {isa = PBXFileReference; lastKnownFileType = sourcecode.swift; path = PlanetStatus.swift; sourceTree = "<group>"; };
		2A6A015F2B062E6C007D3DD0 /* PlanetEditArticleView.swift */ = {isa = PBXFileReference; lastKnownFileType = sourcecode.swift; path = PlanetEditArticleView.swift; sourceTree = "<group>"; };
		2A6A01612B0BB1E6007D3DD0 /* PlanetAppView.swift */ = {isa = PBXFileReference; lastKnownFileType = sourcecode.swift; path = PlanetAppView.swift; sourceTree = "<group>"; };
		2A72D05D2B2968380022C376 /* PlanetDraftsView.swift */ = {isa = PBXFileReference; lastKnownFileType = sourcecode.swift; path = PlanetDraftsView.swift; sourceTree = "<group>"; };
		2A7F09292B2B4A1B00E19B84 /* PlanetPreviewArticleView.swift */ = {isa = PBXFileReference; lastKnownFileType = sourcecode.swift; path = PlanetPreviewArticleView.swift; sourceTree = "<group>"; };
		2A85B0752B28633400CF6823 /* MarkdownUtils.swift */ = {isa = PBXFileReference; fileEncoding = 4; lastKnownFileType = sourcecode.swift; path = MarkdownUtils.swift; sourceTree = "<group>"; };
		2A85B07A2B286AFF00CF6823 /* WriterBasic.html */ = {isa = PBXFileReference; fileEncoding = 4; lastKnownFileType = text.html; path = WriterBasic.html; sourceTree = "<group>"; };
		2A85FAAC2C9CB00C00637B91 /* PlanetShare.entitlements */ = {isa = PBXFileReference; lastKnownFileType = text.plist.entitlements; path = PlanetShare.entitlements; sourceTree = "<group>"; };
		2A9C28B02B01FECB001303A7 /* KeychainHelper.swift */ = {isa = PBXFileReference; lastKnownFileType = sourcecode.swift; path = KeychainHelper.swift; sourceTree = "<group>"; };
		2A9C28B22B01FF26001303A7 /* PlanetError.swift */ = {isa = PBXFileReference; lastKnownFileType = sourcecode.swift; path = PlanetError.swift; sourceTree = "<group>"; };
		2AAF30262C9B2AF0004EA463 /* PlanetShare.appex */ = {isa = PBXFileReference; explicitFileType = "wrapper.app-extension"; includeInIndex = 0; path = PlanetShare.appex; sourceTree = BUILT_PRODUCTS_DIR; };
		2AAF30282C9B2AF0004EA463 /* PlanetQuickShareViewController.swift */ = {isa = PBXFileReference; lastKnownFileType = sourcecode.swift; path = PlanetQuickShareViewController.swift; sourceTree = "<group>"; };
		2AAF302D2C9B2AF0004EA463 /* Info.plist */ = {isa = PBXFileReference; lastKnownFileType = text.plist.xml; path = Info.plist; sourceTree = "<group>"; };
		2AAF30372C9B4DB7004EA463 /* PlanetShareManager.swift */ = {isa = PBXFileReference; lastKnownFileType = sourcecode.swift; path = PlanetShareManager.swift; sourceTree = "<group>"; };
		2AAF3E3A299E07B600CA60AD /* Planet.app */ = {isa = PBXFileReference; explicitFileType = wrapper.application; includeInIndex = 0; path = Planet.app; sourceTree = BUILT_PRODUCTS_DIR; };
		2AAF3E3D299E07B600CA60AD /* PlanetApp.swift */ = {isa = PBXFileReference; lastKnownFileType = sourcecode.swift; path = PlanetApp.swift; sourceTree = "<group>"; };
		2AAF3E41299E07B700CA60AD /* Assets.xcassets */ = {isa = PBXFileReference; lastKnownFileType = folder.assetcatalog; path = Assets.xcassets; sourceTree = "<group>"; };
		2AAF3E44299E07B700CA60AD /* Preview Assets.xcassets */ = {isa = PBXFileReference; lastKnownFileType = folder.assetcatalog; path = "Preview Assets.xcassets"; sourceTree = "<group>"; };
		2AAF3E4D299E111300CA60AD /* PlanetAppViewModel.swift */ = {isa = PBXFileReference; lastKnownFileType = sourcecode.swift; path = PlanetAppViewModel.swift; sourceTree = "<group>"; };
		2AAF3E53299E16C800CA60AD /* PlanetExtension.swift */ = {isa = PBXFileReference; lastKnownFileType = sourcecode.swift; path = PlanetExtension.swift; sourceTree = "<group>"; };
		2ABD4A802CBE115C008A4E8E /* PlanetArticleDownloader.swift */ = {isa = PBXFileReference; lastKnownFileType = sourcecode.swift; path = PlanetArticleDownloader.swift; sourceTree = "<group>"; };
		2AC6A3A429A3F63A00636DC5 /* PlanetTextView.swift */ = {isa = PBXFileReference; lastKnownFileType = sourcecode.swift; path = PlanetTextView.swift; sourceTree = "<group>"; };
		2AC7CC0129A0ACAA0089C58C /* PlanetSettingsView.swift */ = {isa = PBXFileReference; lastKnownFileType = sourcecode.swift; path = PlanetSettingsView.swift; sourceTree = "<group>"; };
		2AC7CC0529A0B4E50089C58C /* PlanetSettingsViewModel.swift */ = {isa = PBXFileReference; lastKnownFileType = sourcecode.swift; path = PlanetSettingsViewModel.swift; sourceTree = "<group>"; };
		2AC7CC0729A13E360089C58C /* PlanetMyPlanetsView.swift */ = {isa = PBXFileReference; lastKnownFileType = sourcecode.swift; path = PlanetMyPlanetsView.swift; sourceTree = "<group>"; };
		2AC7CC0A29A141EF0089C58C /* PlanetManager.swift */ = {isa = PBXFileReference; lastKnownFileType = sourcecode.swift; path = PlanetManager.swift; sourceTree = "<group>"; };
		2AC7CC0E29A153E50089C58C /* PlanetMyPlanetInfoView.swift */ = {isa = PBXFileReference; lastKnownFileType = sourcecode.swift; path = PlanetMyPlanetInfoView.swift; sourceTree = "<group>"; };
		2AC7CC1229A156850089C58C /* PlanetNewPlanetView.swift */ = {isa = PBXFileReference; lastKnownFileType = sourcecode.swift; path = PlanetNewPlanetView.swift; sourceTree = "<group>"; };
		2AC7CC1929A1F8350089C58C /* Info.plist */ = {isa = PBXFileReference; lastKnownFileType = text.plist; path = Info.plist; sourceTree = "<group>"; };
		2AC7CC2029A240AE0089C58C /* PlanetHelper.swift */ = {isa = PBXFileReference; lastKnownFileType = sourcecode.swift; path = PlanetHelper.swift; sourceTree = "<group>"; };
		2AC7CC2229A2AD510089C58C /* PlanetLatestView.swift */ = {isa = PBXFileReference; lastKnownFileType = sourcecode.swift; path = PlanetLatestView.swift; sourceTree = "<group>"; };
		2AC7CC2529A2AE6B0089C58C /* PlanetNewArticleView.swift */ = {isa = PBXFileReference; lastKnownFileType = sourcecode.swift; path = PlanetNewArticleView.swift; sourceTree = "<group>"; };
		2AC7CC2929A38B9A0089C58C /* PlanetLatestItemView.swift */ = {isa = PBXFileReference; lastKnownFileType = sourcecode.swift; path = PlanetLatestItemView.swift; sourceTree = "<group>"; };
		2AC7CC2B29A38E880089C58C /* PlanetArticleView.swift */ = {isa = PBXFileReference; lastKnownFileType = sourcecode.swift; path = PlanetArticleView.swift; sourceTree = "<group>"; };
		2AC7CC2D29A3AA2E0089C58C /* PlanetArticleWebView.swift */ = {isa = PBXFileReference; lastKnownFileType = sourcecode.swift; path = PlanetArticleWebView.swift; sourceTree = "<group>"; };
		2AC8D6E82B03BE5400AA0E32 /* PlanetAvatarView.swift */ = {isa = PBXFileReference; lastKnownFileType = sourcecode.swift; path = PlanetAvatarView.swift; sourceTree = "<group>"; };
		2ACD8CD62B3302CD004FB4C4 /* PlanetPickerView.swift */ = {isa = PBXFileReference; lastKnownFileType = sourcecode.swift; path = PlanetPickerView.swift; sourceTree = "<group>"; };
		6A1C68CF2B2AEB6500DE24B2 /* marketing_version.xcconfig */ = {isa = PBXFileReference; lastKnownFileType = text.xcconfig; path = marketing_version.xcconfig; sourceTree = "<group>"; };
		6A1C68D12B2AEB8300DE24B2 /* versioning.xcconfig */ = {isa = PBXFileReference; lastKnownFileType = text.xcconfig; path = versioning.xcconfig; sourceTree = "<group>"; };
		6A30A4762AEFCE53007E763C /* Planet.xcconfig */ = {isa = PBXFileReference; lastKnownFileType = text.xcconfig; path = Planet.xcconfig; sourceTree = "<group>"; };
		6A4F524F2AF4128000323A81 /* ViewUtils.swift */ = {isa = PBXFileReference; lastKnownFileType = sourcecode.swift; path = ViewUtils.swift; sourceTree = "<group>"; };
		6A5EA27D2AECF9BA006DEBC1 /* BonjourListView.swift */ = {isa = PBXFileReference; lastKnownFileType = sourcecode.swift; path = BonjourListView.swift; sourceTree = "<group>"; };
		6A73C0B52AF5CCFB00EEF711 /* Planet.swift */ = {isa = PBXFileReference; lastKnownFileType = sourcecode.swift; path = Planet.swift; sourceTree = "<group>"; };
/* End PBXFileReference section */

/* Begin PBXFrameworksBuildPhase section */
		2AAF30232C9B2AF0004EA463 /* Frameworks */ = {
			isa = PBXFrameworksBuildPhase;
			buildActionMask = 2147483647;
			files = (
				2AAF304E2C9B534F004EA463 /* libcmark_gfm in Frameworks */,
				2AAF30542C9B5395004EA463 /* PlanetSiteTemplates in Frameworks */,
				2AAF30452C9B5264004EA463 /* SwiftSoup in Frameworks */,
				2AAF30502C9B5352004EA463 /* HTMLEntities in Frameworks */,
				2AAF30472C9B526E004EA463 /* Stencil in Frameworks */,
			);
			runOnlyForDeploymentPostprocessing = 0;
		};
		2AAF3E37299E07B600CA60AD /* Frameworks */ = {
			isa = PBXFrameworksBuildPhase;
			buildActionMask = 2147483647;
			files = (
				2A85B0712B2862E200CF6823 /* libcmark_gfm in Frameworks */,
				2A85B0742B28630E00CF6823 /* SwiftSoup in Frameworks */,
				2A85B0792B28636600CF6823 /* HTMLEntities in Frameworks */,
				2AC03E512B15AE7C0026144A /* PlanetSiteTemplates in Frameworks */,
				2A5832A12B281CF200A478CA /* Stencil in Frameworks */,
			);
			runOnlyForDeploymentPostprocessing = 0;
		};
/* End PBXFrameworksBuildPhase section */

/* Begin PBXGroup section */
		2A6386C22B1759A200451465 /* Helper */ = {
			isa = PBXGroup;
			children = (
				2AC7CC0A29A141EF0089C58C /* PlanetManager.swift */,
				2A6386C02B14D21400451465 /* PlanetStatus.swift */,
				2AC7CC2029A240AE0089C58C /* PlanetHelper.swift */,
				2ABD4A802CBE115C008A4E8E /* PlanetArticleDownloader.swift */,
				2A9C28B02B01FECB001303A7 /* KeychainHelper.swift */,
				2AAF3E53299E16C800CA60AD /* PlanetExtension.swift */,
				2A85B0752B28633400CF6823 /* MarkdownUtils.swift */,
				6A4F524F2AF4128000323A81 /* ViewUtils.swift */,
			);
			path = Helper;
			sourceTree = "<group>";
		};
		2A85B07C2B286BC100CF6823 /* Templates */ = {
			isa = PBXGroup;
			children = (
				2A85B07A2B286AFF00CF6823 /* WriterBasic.html */,
			);
			path = Templates;
			sourceTree = "<group>";
		};
		2AAF30272C9B2AF0004EA463 /* PlanetShare */ = {
			isa = PBXGroup;
			children = (
				2A85FAAC2C9CB00C00637B91 /* PlanetShare.entitlements */,
				2AAF30282C9B2AF0004EA463 /* PlanetQuickShareViewController.swift */,
				2AAF30372C9B4DB7004EA463 /* PlanetShareManager.swift */,
				2AAF302D2C9B2AF0004EA463 /* Info.plist */,
			);
			path = PlanetShare;
			sourceTree = "<group>";
		};
		2AAF30432C9B5264004EA463 /* Frameworks */ = {
			isa = PBXGroup;
			children = (
			);
			name = Frameworks;
			sourceTree = "<group>";
		};
		2AAF3E31299E07B600CA60AD = {
			isa = PBXGroup;
			children = (
				2AAF3E3C299E07B600CA60AD /* Planet */,
				2AAF30272C9B2AF0004EA463 /* PlanetShare */,
				2AAF3E3B299E07B600CA60AD /* Products */,
				2AAF30432C9B5264004EA463 /* Frameworks */,
			);
			sourceTree = "<group>";
		};
		2AAF3E3B299E07B600CA60AD /* Products */ = {
			isa = PBXGroup;
			children = (
				2AAF3E3A299E07B600CA60AD /* Planet.app */,
				2AAF30262C9B2AF0004EA463 /* PlanetShare.appex */,
			);
			name = Products;
			sourceTree = "<group>";
		};
		2AAF3E3C299E07B600CA60AD /* Planet */ = {
			isa = PBXGroup;
			children = (
				2A1324BE2B9AAA5D002329F0 /* Planet.entitlements */,
				2AC7CC1929A1F8350089C58C /* Info.plist */,
				2A25932A2BA9327800DE758C /* PrivacyInfo.xcprivacy */,
				2AAF3E3D299E07B600CA60AD /* PlanetApp.swift */,
				2A85B07C2B286BC100CF6823 /* Templates */,
				2A6386C22B1759A200451465 /* Helper */,
				2AC7CC0029A0AC960089C58C /* Views */,
				6A73C0B42AF5CCE100EEF711 /* Models */,
				2AAF3E41299E07B700CA60AD /* Assets.xcassets */,
				2AAF3E43299E07B700CA60AD /* Preview Content */,
				6A30A4762AEFCE53007E763C /* Planet.xcconfig */,
				6A1C68CF2B2AEB6500DE24B2 /* marketing_version.xcconfig */,
				6A1C68D12B2AEB8300DE24B2 /* versioning.xcconfig */,
			);
			path = Planet;
			sourceTree = "<group>";
		};
		2AAF3E43299E07B700CA60AD /* Preview Content */ = {
			isa = PBXGroup;
			children = (
				2AAF3E44299E07B700CA60AD /* Preview Assets.xcassets */,
			);
			path = "Preview Content";
			sourceTree = "<group>";
		};
		2AC7CC0029A0AC960089C58C /* Views */ = {
			isa = PBXGroup;
			children = (
				2AC7CC0329A0B4C80089C58C /* App View */,
				2AC7CC2429A2AD5F0089C58C /* Articles View */,
				2AC7CC0929A13E3C0089C58C /* Planets View */,
				2AC7CC0429A0B4D00089C58C /* Settings View */,
				2AC7CC1C29A2081A0089C58C /* Parts */,
			);
			path = Views;
			sourceTree = "<group>";
		};
		2AC7CC0329A0B4C80089C58C /* App View */ = {
			isa = PBXGroup;
			children = (
				2AAF3E4D299E111300CA60AD /* PlanetAppViewModel.swift */,
				2A6A01612B0BB1E6007D3DD0 /* PlanetAppView.swift */,
			);
			path = "App View";
			sourceTree = "<group>";
		};
		2AC7CC0429A0B4D00089C58C /* Settings View */ = {
			isa = PBXGroup;
			children = (
				6A5EA27C2AECF97A006DEBC1 /* Bonjour */,
				2AC7CC0129A0ACAA0089C58C /* PlanetSettingsView.swift */,
				2AC7CC0529A0B4E50089C58C /* PlanetSettingsViewModel.swift */,
			);
			path = "Settings View";
			sourceTree = "<group>";
		};
		2AC7CC0929A13E3C0089C58C /* Planets View */ = {
			isa = PBXGroup;
			children = (
				2AC7CC0729A13E360089C58C /* PlanetMyPlanetsView.swift */,
				2AC7CC0E29A153E50089C58C /* PlanetMyPlanetInfoView.swift */,
				2AC7CC1229A156850089C58C /* PlanetNewPlanetView.swift */,
			);
			path = "Planets View";
			sourceTree = "<group>";
		};
		2AC7CC1C29A2081A0089C58C /* Parts */ = {
			isa = PBXGroup;
			children = (
				2AC6A3A429A3F63A00636DC5 /* PlanetTextView.swift */,
				2AC8D6E82B03BE5400AA0E32 /* PlanetAvatarView.swift */,
			);
			path = Parts;
			sourceTree = "<group>";
		};
		2AC7CC2429A2AD5F0089C58C /* Articles View */ = {
			isa = PBXGroup;
			children = (
				2AC7CC2229A2AD510089C58C /* PlanetLatestView.swift */,
				2AC7CC2929A38B9A0089C58C /* PlanetLatestItemView.swift */,
				2AC7CC2B29A38E880089C58C /* PlanetArticleView.swift */,
				2AC7CC2D29A3AA2E0089C58C /* PlanetArticleWebView.swift */,
				2AC7CC2529A2AE6B0089C58C /* PlanetNewArticleView.swift */,
				2A6A015F2B062E6C007D3DD0 /* PlanetEditArticleView.swift */,
				2A3385A22B33E9CB0079A900 /* PlanetNewDraftView.swift */,
				2ACD8CD62B3302CD004FB4C4 /* PlanetPickerView.swift */,
				2A72D05D2B2968380022C376 /* PlanetDraftsView.swift */,
				2A7F09292B2B4A1B00E19B84 /* PlanetPreviewArticleView.swift */,
				2A3385A02B33E97D0079A900 /* PlanetArticleAttachmentsView.swift */,
			);
			path = "Articles View";
			sourceTree = "<group>";
		};
		6A5EA27C2AECF97A006DEBC1 /* Bonjour */ = {
			isa = PBXGroup;
			children = (
				6A5EA27D2AECF9BA006DEBC1 /* BonjourListView.swift */,
			);
			path = Bonjour;
			sourceTree = "<group>";
		};
		6A73C0B42AF5CCE100EEF711 /* Models */ = {
			isa = PBXGroup;
			children = (
				6A73C0B52AF5CCFB00EEF711 /* Planet.swift */,
				2A9C28B22B01FF26001303A7 /* PlanetError.swift */,
				2A2748332B200E5300725487 /* PlanetAppTab.swift */,
				2A2748352B200E7800725487 /* PlanetArticle.swift */,
				2A2748372B200EB200725487 /* PlanetServerInfo.swift */,
			);
			path = Models;
			sourceTree = "<group>";
		};
/* End PBXGroup section */

/* Begin PBXNativeTarget section */
		2AAF30252C9B2AF0004EA463 /* PlanetShare */ = {
			isa = PBXNativeTarget;
			buildConfigurationList = 2AAF30342C9B2AF0004EA463 /* Build configuration list for PBXNativeTarget "PlanetShare" */;
			buildPhases = (
				2AAF30222C9B2AF0004EA463 /* Sources */,
				2AAF30232C9B2AF0004EA463 /* Frameworks */,
				2AAF30242C9B2AF0004EA463 /* Resources */,
			);
			buildRules = (
			);
			dependencies = (
			);
			name = PlanetShare;
			packageProductDependencies = (
				2AAF30442C9B5264004EA463 /* SwiftSoup */,
				2AAF30462C9B526E004EA463 /* Stencil */,
				2AAF304D2C9B534F004EA463 /* libcmark_gfm */,
				2AAF304F2C9B5352004EA463 /* HTMLEntities */,
				2AAF30532C9B5395004EA463 /* PlanetSiteTemplates */,
			);
			productName = PlanetShare;
			productReference = 2AAF30262C9B2AF0004EA463 /* PlanetShare.appex */;
			productType = "com.apple.product-type.app-extension";
		};
		2AAF3E39299E07B600CA60AD /* Planet */ = {
			isa = PBXNativeTarget;
			buildConfigurationList = 2AAF3E48299E07B700CA60AD /* Build configuration list for PBXNativeTarget "Planet" */;
			buildPhases = (
				2AAF3E36299E07B600CA60AD /* Sources */,
				2AAF3E37299E07B600CA60AD /* Frameworks */,
				2AAF3E38299E07B600CA60AD /* Resources */,
				2AAF30312C9B2AF0004EA463 /* Embed Foundation Extensions */,
			);
			buildRules = (
			);
			dependencies = (
				2AAF302F2C9B2AF0004EA463 /* PBXTargetDependency */,
			);
			name = Planet;
			packageProductDependencies = (
				2AC03E502B15AE7C0026144A /* PlanetSiteTemplates */,
				2A5832A02B281CF200A478CA /* Stencil */,
				2A85B0702B2862E200CF6823 /* libcmark_gfm */,
				2A85B0732B28630E00CF6823 /* SwiftSoup */,
				2A85B0782B28636600CF6823 /* HTMLEntities */,
			);
			productName = Planet;
			productReference = 2AAF3E3A299E07B600CA60AD /* Planet.app */;
			productType = "com.apple.product-type.application";
		};
/* End PBXNativeTarget section */

/* Begin PBXProject section */
		2AAF3E32299E07B600CA60AD /* Project object */ = {
			isa = PBXProject;
			attributes = {
				BuildIndependentTargetsInParallel = 1;
				LastSwiftUpdateCheck = 1540;
				LastUpgradeCheck = 1600;
				TargetAttributes = {
					2AAF30252C9B2AF0004EA463 = {
						CreatedOnToolsVersion = 15.4;
					};
					2AAF3E39299E07B600CA60AD = {
						CreatedOnToolsVersion = 14.2;
					};
				};
			};
			buildConfigurationList = 2AAF3E35299E07B600CA60AD /* Build configuration list for PBXProject "Planet" */;
			compatibilityVersion = "Xcode 14.0";
			developmentRegion = en;
			hasScannedForEncodings = 0;
			knownRegions = (
				en,
				Base,
			);
			mainGroup = 2AAF3E31299E07B600CA60AD;
			packageReferences = (
				2AC03E4F2B15AE7C0026144A /* XCRemoteSwiftPackageReference "PlanetSiteTemplates" */,
				2A58329F2B281CF200A478CA /* XCRemoteSwiftPackageReference "Stencil" */,
				2A85B06F2B2862E200CF6823 /* XCRemoteSwiftPackageReference "libcmark_gfm" */,
				2A85B0722B28630E00CF6823 /* XCRemoteSwiftPackageReference "SwiftSoup" */,
				2A85B0772B28636600CF6823 /* XCRemoteSwiftPackageReference "swift-html-entities" */,
			);
			productRefGroup = 2AAF3E3B299E07B600CA60AD /* Products */;
			projectDirPath = "";
			projectRoot = "";
			targets = (
				2AAF3E39299E07B600CA60AD /* Planet */,
				2AAF30252C9B2AF0004EA463 /* PlanetShare */,
			);
		};
/* End PBXProject section */

/* Begin PBXResourcesBuildPhase section */
		2AAF30242C9B2AF0004EA463 /* Resources */ = {
			isa = PBXResourcesBuildPhase;
			buildActionMask = 2147483647;
			files = (
				2A85FAAD2C9CB04B00637B91 /* WriterBasic.html in Resources */,
			);
			runOnlyForDeploymentPostprocessing = 0;
		};
		2AAF3E38299E07B600CA60AD /* Resources */ = {
			isa = PBXResourcesBuildPhase;
			buildActionMask = 2147483647;
			files = (
				2A85B07B2B286AFF00CF6823 /* WriterBasic.html in Resources */,
				2AAF3E45299E07B700CA60AD /* Preview Assets.xcassets in Resources */,
				2A25932B2BA9327800DE758C /* PrivacyInfo.xcprivacy in Resources */,
				2AAF3E42299E07B700CA60AD /* Assets.xcassets in Resources */,
			);
			runOnlyForDeploymentPostprocessing = 0;
		};
/* End PBXResourcesBuildPhase section */

/* Begin PBXSourcesBuildPhase section */
		2AAF30222C9B2AF0004EA463 /* Sources */ = {
			isa = PBXSourcesBuildPhase;
			buildActionMask = 2147483647;
			files = (
				2AAF30522C9B5384004EA463 /* MarkdownUtils.swift in Sources */,
				2AAF303F2C9B520C004EA463 /* ViewUtils.swift in Sources */,
				2AAF30512C9B537C004EA463 /* PlanetHelper.swift in Sources */,
				2AAF303B2C9B518A004EA463 /* Planet.swift in Sources */,
				2AAF303D2C9B51D7004EA463 /* PlanetArticle.swift in Sources */,
				2AAF303C2C9B51C9004EA463 /* PlanetManager.swift in Sources */,
				2AAF30482C9B528F004EA463 /* PlanetStatus.swift in Sources */,
				2AAF30402C9B5215004EA463 /* PlanetAppViewModel.swift in Sources */,
				2AAF30292C9B2AF0004EA463 /* PlanetQuickShareViewController.swift in Sources */,
				2ABD4A822CBE1165008A4E8E /* PlanetArticleDownloader.swift in Sources */,
				2AAF30382C9B4DB7004EA463 /* PlanetShareManager.swift in Sources */,
				2AAF304B2C9B52DB004EA463 /* PlanetError.swift in Sources */,
				2AAF304A2C9B52BC004EA463 /* KeychainHelper.swift in Sources */,
				2AAF30422C9B5245004EA463 /* PlanetExtension.swift in Sources */,
				2AAF304C2C9B52E6004EA463 /* PlanetServerInfo.swift in Sources */,
				2AAF30492C9B52AA004EA463 /* PlanetSettingsViewModel.swift in Sources */,
				2AAF30412C9B5237004EA463 /* PlanetAppTab.swift in Sources */,
				2AAF303E2C9B51FF004EA463 /* PlanetAvatarView.swift in Sources */,
			);
			runOnlyForDeploymentPostprocessing = 0;
		};
		2AAF3E36299E07B600CA60AD /* Sources */ = {
			isa = PBXSourcesBuildPhase;
			buildActionMask = 2147483647;
			files = (
				2AAF3E4E299E111300CA60AD /* PlanetAppViewModel.swift in Sources */,
				2AC7CC0629A0B4E50089C58C /* PlanetSettingsViewModel.swift in Sources */,
				2AC7CC2629A2AE6B0089C58C /* PlanetNewArticleView.swift in Sources */,
				2AC7CC2129A240AE0089C58C /* PlanetHelper.swift in Sources */,
				2AC7CC0829A13E360089C58C /* PlanetMyPlanetsView.swift in Sources */,
				6A4F52502AF4128000323A81 /* ViewUtils.swift in Sources */,
				2AAF3E54299E16C800CA60AD /* PlanetExtension.swift in Sources */,
				2AC8D6E92B03BE5400AA0E32 /* PlanetAvatarView.swift in Sources */,
				2AC7CC0229A0ACAA0089C58C /* PlanetSettingsView.swift in Sources */,
				2AAF30392C9B4DDA004EA463 /* PlanetShareManager.swift in Sources */,
				2A2748342B200E5300725487 /* PlanetAppTab.swift in Sources */,
				2A2748362B200E7800725487 /* PlanetArticle.swift in Sources */,
				2A3385A12B33E97D0079A900 /* PlanetArticleAttachmentsView.swift in Sources */,
				2A6A01602B062E6C007D3DD0 /* PlanetEditArticleView.swift in Sources */,
				2AC7CC0F29A153E50089C58C /* PlanetMyPlanetInfoView.swift in Sources */,
				2AAF3E3E299E07B600CA60AD /* PlanetApp.swift in Sources */,
				2A6386C12B14D21400451465 /* PlanetStatus.swift in Sources */,
				2AC7CC2A29A38B9A0089C58C /* PlanetLatestItemView.swift in Sources */,
				2AC7CC2C29A38E880089C58C /* PlanetArticleView.swift in Sources */,
				2AC7CC2E29A3AA2E0089C58C /* PlanetArticleWebView.swift in Sources */,
				2A3385A32B33E9CB0079A900 /* PlanetNewDraftView.swift in Sources */,
				2A7F092A2B2B4A1B00E19B84 /* PlanetPreviewArticleView.swift in Sources */,
				2AC7CC1329A156850089C58C /* PlanetNewPlanetView.swift in Sources */,
				2A6A01622B0BB1E6007D3DD0 /* PlanetAppView.swift in Sources */,
				2AC7CC2329A2AD510089C58C /* PlanetLatestView.swift in Sources */,
				2A85B0762B28633400CF6823 /* MarkdownUtils.swift in Sources */,
				2AC7CC0B29A141EF0089C58C /* PlanetManager.swift in Sources */,
				2ABD4A812CBE1165008A4E8E /* PlanetArticleDownloader.swift in Sources */,
				2A9C28B12B01FECB001303A7 /* KeychainHelper.swift in Sources */,
				2A72D05E2B2968380022C376 /* PlanetDraftsView.swift in Sources */,
				2A9C28B32B01FF26001303A7 /* PlanetError.swift in Sources */,
				2A2748382B200EB200725487 /* PlanetServerInfo.swift in Sources */,
				6A5EA27E2AECF9BA006DEBC1 /* BonjourListView.swift in Sources */,
				2ACD8CD72B3302CD004FB4C4 /* PlanetPickerView.swift in Sources */,
				2AC6A3A529A3F63A00636DC5 /* PlanetTextView.swift in Sources */,
				6A73C0B62AF5CCFB00EEF711 /* Planet.swift in Sources */,
			);
			runOnlyForDeploymentPostprocessing = 0;
		};
/* End PBXSourcesBuildPhase section */

/* Begin PBXTargetDependency section */
		2AAF302F2C9B2AF0004EA463 /* PBXTargetDependency */ = {
			isa = PBXTargetDependency;
			target = 2AAF30252C9B2AF0004EA463 /* PlanetShare */;
			targetProxy = 2AAF302E2C9B2AF0004EA463 /* PBXContainerItemProxy */;
		};
/* End PBXTargetDependency section */

/* Begin XCBuildConfiguration section */
		2AAF30322C9B2AF0004EA463 /* Debug */ = {
			isa = XCBuildConfiguration;
			baseConfigurationReference = 6A30A4762AEFCE53007E763C /* Planet.xcconfig */;
			buildSettings = {
				ASSETCATALOG_COMPILER_GENERATE_SWIFT_ASSET_SYMBOL_EXTENSIONS = YES;
				CODE_SIGN_ENTITLEMENTS = PlanetShare/PlanetShare.entitlements;
				CODE_SIGN_STYLE = Automatic;
				CURRENT_PROJECT_VERSION = 238;
				DEVELOPMENT_TEAM = 3SCMMGZXY8;
				GCC_C_LANGUAGE_STANDARD = gnu17;
				GENERATE_INFOPLIST_FILE = YES;
				INFOPLIST_FILE = PlanetShare/Info.plist;
				INFOPLIST_KEY_CFBundleDisplayName = PlanetShare;
				INFOPLIST_KEY_NSHumanReadableCopyright = "";
				IPHONEOS_DEPLOYMENT_TARGET = 16.0;
				LD_RUNPATH_SEARCH_PATHS = (
					"$(inherited)",
					"@executable_path/Frameworks",
					"@executable_path/../../Frameworks",
				);
				LOCALIZATION_PREFERS_STRING_CATALOGS = YES;
				MARKETING_VERSION = 0.2;
				PRODUCT_BUNDLE_IDENTIFIER = "$(ORGANIZATION_IDENTIFIER_PREFIX).Planet.PlanetShare";
				PRODUCT_NAME = "$(TARGET_NAME)";
				SKIP_INSTALL = YES;
				SWIFT_ACTIVE_COMPILATION_CONDITIONS = "DEBUG $(inherited)";
				SWIFT_EMIT_LOC_STRINGS = YES;
				SWIFT_VERSION = 5.0;
				TARGETED_DEVICE_FAMILY = "1,2";
			};
			name = Debug;
		};
		2AAF30332C9B2AF0004EA463 /* Release */ = {
			isa = XCBuildConfiguration;
			baseConfigurationReference = 6A30A4762AEFCE53007E763C /* Planet.xcconfig */;
			buildSettings = {
				ASSETCATALOG_COMPILER_GENERATE_SWIFT_ASSET_SYMBOL_EXTENSIONS = YES;
				CODE_SIGN_ENTITLEMENTS = PlanetShare/PlanetShare.entitlements;
				CODE_SIGN_STYLE = Automatic;
				CURRENT_PROJECT_VERSION = 238;
				DEVELOPMENT_TEAM = 3SCMMGZXY8;
				GCC_C_LANGUAGE_STANDARD = gnu17;
				GENERATE_INFOPLIST_FILE = YES;
				INFOPLIST_FILE = PlanetShare/Info.plist;
				INFOPLIST_KEY_CFBundleDisplayName = PlanetShare;
				INFOPLIST_KEY_NSHumanReadableCopyright = "";
				IPHONEOS_DEPLOYMENT_TARGET = 16.0;
				LD_RUNPATH_SEARCH_PATHS = (
					"$(inherited)",
					"@executable_path/Frameworks",
					"@executable_path/../../Frameworks",
				);
				LOCALIZATION_PREFERS_STRING_CATALOGS = YES;
				MARKETING_VERSION = 0.2;
				PRODUCT_BUNDLE_IDENTIFIER = "$(ORGANIZATION_IDENTIFIER_PREFIX).Planet.PlanetShare";
				PRODUCT_NAME = "$(TARGET_NAME)";
				SKIP_INSTALL = YES;
				SWIFT_EMIT_LOC_STRINGS = YES;
				SWIFT_VERSION = 5.0;
				TARGETED_DEVICE_FAMILY = "1,2";
			};
			name = Release;
		};
		2AAF3E46299E07B700CA60AD /* Debug */ = {
			isa = XCBuildConfiguration;
			buildSettings = {
				ALWAYS_SEARCH_USER_PATHS = NO;
				ASSETCATALOG_COMPILER_GENERATE_SWIFT_ASSET_SYMBOL_EXTENSIONS = YES;
				CLANG_ANALYZER_NONNULL = YES;
				CLANG_ANALYZER_NUMBER_OBJECT_CONVERSION = YES_AGGRESSIVE;
				CLANG_CXX_LANGUAGE_STANDARD = "gnu++20";
				CLANG_ENABLE_MODULES = YES;
				CLANG_ENABLE_OBJC_ARC = YES;
				CLANG_ENABLE_OBJC_WEAK = YES;
				CLANG_WARN_BLOCK_CAPTURE_AUTORELEASING = YES;
				CLANG_WARN_BOOL_CONVERSION = YES;
				CLANG_WARN_COMMA = YES;
				CLANG_WARN_CONSTANT_CONVERSION = YES;
				CLANG_WARN_DEPRECATED_OBJC_IMPLEMENTATIONS = YES;
				CLANG_WARN_DIRECT_OBJC_ISA_USAGE = YES_ERROR;
				CLANG_WARN_DOCUMENTATION_COMMENTS = YES;
				CLANG_WARN_EMPTY_BODY = YES;
				CLANG_WARN_ENUM_CONVERSION = YES;
				CLANG_WARN_INFINITE_RECURSION = YES;
				CLANG_WARN_INT_CONVERSION = YES;
				CLANG_WARN_NON_LITERAL_NULL_CONVERSION = YES;
				CLANG_WARN_OBJC_IMPLICIT_RETAIN_SELF = YES;
				CLANG_WARN_OBJC_LITERAL_CONVERSION = YES;
				CLANG_WARN_OBJC_ROOT_CLASS = YES_ERROR;
				CLANG_WARN_QUOTED_INCLUDE_IN_FRAMEWORK_HEADER = YES;
				CLANG_WARN_RANGE_LOOP_ANALYSIS = YES;
				CLANG_WARN_STRICT_PROTOTYPES = YES;
				CLANG_WARN_SUSPICIOUS_MOVE = YES;
				CLANG_WARN_UNGUARDED_AVAILABILITY = YES_AGGRESSIVE;
				CLANG_WARN_UNREACHABLE_CODE = YES;
				CLANG_WARN__DUPLICATE_METHOD_MATCH = YES;
				COPY_PHASE_STRIP = NO;
				DEBUG_INFORMATION_FORMAT = dwarf;
				ENABLE_STRICT_OBJC_MSGSEND = YES;
				ENABLE_TESTABILITY = YES;
				ENABLE_USER_SCRIPT_SANDBOXING = YES;
				GCC_C_LANGUAGE_STANDARD = gnu11;
				GCC_DYNAMIC_NO_PIC = NO;
				GCC_NO_COMMON_BLOCKS = YES;
				GCC_OPTIMIZATION_LEVEL = 0;
				GCC_PREPROCESSOR_DEFINITIONS = (
					"DEBUG=1",
					"$(inherited)",
				);
				GCC_WARN_64_TO_32_BIT_CONVERSION = YES;
				GCC_WARN_ABOUT_RETURN_TYPE = YES_ERROR;
				GCC_WARN_UNDECLARED_SELECTOR = YES;
				GCC_WARN_UNINITIALIZED_AUTOS = YES_AGGRESSIVE;
				GCC_WARN_UNUSED_FUNCTION = YES;
				GCC_WARN_UNUSED_VARIABLE = YES;
				IPHONEOS_DEPLOYMENT_TARGET = 16.0;
				MTL_ENABLE_DEBUG_INFO = INCLUDE_SOURCE;
				MTL_FAST_MATH = YES;
				ONLY_ACTIVE_ARCH = YES;
				SDKROOT = iphoneos;
				SWIFT_ACTIVE_COMPILATION_CONDITIONS = DEBUG;
				SWIFT_OPTIMIZATION_LEVEL = "-Onone";
			};
			name = Debug;
		};
		2AAF3E47299E07B700CA60AD /* Release */ = {
			isa = XCBuildConfiguration;
			buildSettings = {
				ALWAYS_SEARCH_USER_PATHS = NO;
				ASSETCATALOG_COMPILER_GENERATE_SWIFT_ASSET_SYMBOL_EXTENSIONS = YES;
				CLANG_ANALYZER_NONNULL = YES;
				CLANG_ANALYZER_NUMBER_OBJECT_CONVERSION = YES_AGGRESSIVE;
				CLANG_CXX_LANGUAGE_STANDARD = "gnu++20";
				CLANG_ENABLE_MODULES = YES;
				CLANG_ENABLE_OBJC_ARC = YES;
				CLANG_ENABLE_OBJC_WEAK = YES;
				CLANG_WARN_BLOCK_CAPTURE_AUTORELEASING = YES;
				CLANG_WARN_BOOL_CONVERSION = YES;
				CLANG_WARN_COMMA = YES;
				CLANG_WARN_CONSTANT_CONVERSION = YES;
				CLANG_WARN_DEPRECATED_OBJC_IMPLEMENTATIONS = YES;
				CLANG_WARN_DIRECT_OBJC_ISA_USAGE = YES_ERROR;
				CLANG_WARN_DOCUMENTATION_COMMENTS = YES;
				CLANG_WARN_EMPTY_BODY = YES;
				CLANG_WARN_ENUM_CONVERSION = YES;
				CLANG_WARN_INFINITE_RECURSION = YES;
				CLANG_WARN_INT_CONVERSION = YES;
				CLANG_WARN_NON_LITERAL_NULL_CONVERSION = YES;
				CLANG_WARN_OBJC_IMPLICIT_RETAIN_SELF = YES;
				CLANG_WARN_OBJC_LITERAL_CONVERSION = YES;
				CLANG_WARN_OBJC_ROOT_CLASS = YES_ERROR;
				CLANG_WARN_QUOTED_INCLUDE_IN_FRAMEWORK_HEADER = YES;
				CLANG_WARN_RANGE_LOOP_ANALYSIS = YES;
				CLANG_WARN_STRICT_PROTOTYPES = YES;
				CLANG_WARN_SUSPICIOUS_MOVE = YES;
				CLANG_WARN_UNGUARDED_AVAILABILITY = YES_AGGRESSIVE;
				CLANG_WARN_UNREACHABLE_CODE = YES;
				CLANG_WARN__DUPLICATE_METHOD_MATCH = YES;
				COPY_PHASE_STRIP = NO;
				DEBUG_INFORMATION_FORMAT = "dwarf-with-dsym";
				ENABLE_NS_ASSERTIONS = NO;
				ENABLE_STRICT_OBJC_MSGSEND = YES;
				ENABLE_USER_SCRIPT_SANDBOXING = YES;
				GCC_C_LANGUAGE_STANDARD = gnu11;
				GCC_NO_COMMON_BLOCKS = YES;
				GCC_WARN_64_TO_32_BIT_CONVERSION = YES;
				GCC_WARN_ABOUT_RETURN_TYPE = YES_ERROR;
				GCC_WARN_UNDECLARED_SELECTOR = YES;
				GCC_WARN_UNINITIALIZED_AUTOS = YES_AGGRESSIVE;
				GCC_WARN_UNUSED_FUNCTION = YES;
				GCC_WARN_UNUSED_VARIABLE = YES;
				IPHONEOS_DEPLOYMENT_TARGET = 16.0;
				MTL_ENABLE_DEBUG_INFO = NO;
				MTL_FAST_MATH = YES;
				SDKROOT = iphoneos;
				SWIFT_COMPILATION_MODE = wholemodule;
				SWIFT_OPTIMIZATION_LEVEL = "-O";
				VALIDATE_PRODUCT = YES;
			};
			name = Release;
		};
		2AAF3E49299E07B700CA60AD /* Debug */ = {
			isa = XCBuildConfiguration;
			baseConfigurationReference = 6A30A4762AEFCE53007E763C /* Planet.xcconfig */;
			buildSettings = {
				ASSETCATALOG_COMPILER_APPICON_NAME = AppIcon;
				ASSETCATALOG_COMPILER_GLOBAL_ACCENT_COLOR_NAME = AccentColor;
				CODE_SIGN_ENTITLEMENTS = Planet/Planet.entitlements;
				CODE_SIGN_STYLE = Automatic;
				DEVELOPMENT_ASSET_PATHS = "\"Planet/Preview Content\"";
				ENABLE_PREVIEWS = YES;
				GENERATE_INFOPLIST_FILE = YES;
				INFOPLIST_FILE = Planet/Info.plist;
				INFOPLIST_KEY_CFBundleDisplayName = Planet;
				INFOPLIST_KEY_NSLocalNetworkUsageDescription = "Looking for local TCP Bonjour service";
				INFOPLIST_KEY_UIApplicationSceneManifest_Generation = YES;
				INFOPLIST_KEY_UIApplicationSupportsIndirectInputEvents = YES;
				INFOPLIST_KEY_UILaunchScreen_Generation = YES;
				INFOPLIST_KEY_UISupportedInterfaceOrientations = UIInterfaceOrientationPortrait;
				INFOPLIST_KEY_UISupportedInterfaceOrientations_iPad = "UIInterfaceOrientationLandscapeLeft UIInterfaceOrientationLandscapeRight UIInterfaceOrientationPortrait UIInterfaceOrientationPortraitUpsideDown";
				IPHONEOS_DEPLOYMENT_TARGET = 16.0;
				LD_RUNPATH_SEARCH_PATHS = (
					"$(inherited)",
					"@executable_path/Frameworks",
				);
				PRODUCT_BUNDLE_IDENTIFIER = "$(ORGANIZATION_IDENTIFIER_PREFIX).Planet";
				PRODUCT_NAME = "$(TARGET_NAME)";
				SUPPORTED_PLATFORMS = "iphoneos iphonesimulator";
				SUPPORTS_MACCATALYST = NO;
				SUPPORTS_MAC_DESIGNED_FOR_IPHONE_IPAD = YES;
				SWIFT_EMIT_LOC_STRINGS = YES;
				SWIFT_VERSION = 5.0;
				TARGETED_DEVICE_FAMILY = 1;
			};
			name = Debug;
		};
		2AAF3E4A299E07B700CA60AD /* Release */ = {
			isa = XCBuildConfiguration;
			baseConfigurationReference = 6A30A4762AEFCE53007E763C /* Planet.xcconfig */;
			buildSettings = {
				ASSETCATALOG_COMPILER_APPICON_NAME = AppIcon;
				ASSETCATALOG_COMPILER_GLOBAL_ACCENT_COLOR_NAME = AccentColor;
				CODE_SIGN_ENTITLEMENTS = Planet/Planet.entitlements;
				CODE_SIGN_STYLE = Automatic;
				DEVELOPMENT_ASSET_PATHS = "\"Planet/Preview Content\"";
				ENABLE_PREVIEWS = YES;
				GENERATE_INFOPLIST_FILE = YES;
				INFOPLIST_FILE = Planet/Info.plist;
				INFOPLIST_KEY_CFBundleDisplayName = Planet;
				INFOPLIST_KEY_NSLocalNetworkUsageDescription = "Looking for local TCP Bonjour service";
				INFOPLIST_KEY_UIApplicationSceneManifest_Generation = YES;
				INFOPLIST_KEY_UIApplicationSupportsIndirectInputEvents = YES;
				INFOPLIST_KEY_UILaunchScreen_Generation = YES;
				INFOPLIST_KEY_UISupportedInterfaceOrientations = UIInterfaceOrientationPortrait;
				INFOPLIST_KEY_UISupportedInterfaceOrientations_iPad = "UIInterfaceOrientationLandscapeLeft UIInterfaceOrientationLandscapeRight UIInterfaceOrientationPortrait UIInterfaceOrientationPortraitUpsideDown";
				IPHONEOS_DEPLOYMENT_TARGET = 16.0;
				LD_RUNPATH_SEARCH_PATHS = (
					"$(inherited)",
					"@executable_path/Frameworks",
				);
				PRODUCT_BUNDLE_IDENTIFIER = "$(ORGANIZATION_IDENTIFIER_PREFIX).Planet";
				PRODUCT_NAME = "$(TARGET_NAME)";
				SUPPORTED_PLATFORMS = "iphoneos iphonesimulator";
				SUPPORTS_MACCATALYST = NO;
				SUPPORTS_MAC_DESIGNED_FOR_IPHONE_IPAD = YES;
				SWIFT_EMIT_LOC_STRINGS = YES;
				SWIFT_VERSION = 5.0;
				TARGETED_DEVICE_FAMILY = 1;
			};
			name = Release;
		};
/* End XCBuildConfiguration section */

/* Begin XCConfigurationList section */
		2AAF30342C9B2AF0004EA463 /* Build configuration list for PBXNativeTarget "PlanetShare" */ = {
			isa = XCConfigurationList;
			buildConfigurations = (
				2AAF30322C9B2AF0004EA463 /* Debug */,
				2AAF30332C9B2AF0004EA463 /* Release */,
			);
			defaultConfigurationIsVisible = 0;
			defaultConfigurationName = Release;
		};
		2AAF3E35299E07B600CA60AD /* Build configuration list for PBXProject "Planet" */ = {
			isa = XCConfigurationList;
			buildConfigurations = (
				2AAF3E46299E07B700CA60AD /* Debug */,
				2AAF3E47299E07B700CA60AD /* Release */,
			);
			defaultConfigurationIsVisible = 0;
			defaultConfigurationName = Release;
		};
		2AAF3E48299E07B700CA60AD /* Build configuration list for PBXNativeTarget "Planet" */ = {
			isa = XCConfigurationList;
			buildConfigurations = (
				2AAF3E49299E07B700CA60AD /* Debug */,
				2AAF3E4A299E07B700CA60AD /* Release */,
			);
			defaultConfigurationIsVisible = 0;
			defaultConfigurationName = Release;
		};
/* End XCConfigurationList section */

/* Begin XCRemoteSwiftPackageReference section */
		2A58329F2B281CF200A478CA /* XCRemoteSwiftPackageReference "Stencil" */ = {
			isa = XCRemoteSwiftPackageReference;
			repositoryURL = "https://github.com/stencilproject/Stencil.git";
			requirement = {
				kind = upToNextMajorVersion;
				minimumVersion = 0.15.1;
			};
		};
		2A85B06F2B2862E200CF6823 /* XCRemoteSwiftPackageReference "libcmark_gfm" */ = {
			isa = XCRemoteSwiftPackageReference;
			repositoryURL = "https://github.com/KristopherGBaker/libcmark_gfm";
			requirement = {
				kind = upToNextMajorVersion;
				minimumVersion = 0.29.4;
			};
		};
		2A85B0722B28630E00CF6823 /* XCRemoteSwiftPackageReference "SwiftSoup" */ = {
			isa = XCRemoteSwiftPackageReference;
			repositoryURL = "https://github.com/scinfu/SwiftSoup";
			requirement = {
				kind = upToNextMajorVersion;
				minimumVersion = 2.6.1;
			};
		};
		2A85B0772B28636600CF6823 /* XCRemoteSwiftPackageReference "swift-html-entities" */ = {
			isa = XCRemoteSwiftPackageReference;
			repositoryURL = "https://github.com/Kitura/swift-html-entities";
			requirement = {
				kind = upToNextMajorVersion;
				minimumVersion = 4.0.1;
			};
		};
		2AC03E4F2B15AE7C0026144A /* XCRemoteSwiftPackageReference "PlanetSiteTemplates" */ = {
			isa = XCRemoteSwiftPackageReference;
			repositoryURL = "https://github.com/Planetable/PlanetSiteTemplates";
			requirement = {
				branch = mobile;
				kind = branch;
			};
		};
/* End XCRemoteSwiftPackageReference section */

/* Begin XCSwiftPackageProductDependency section */
		2A5832A02B281CF200A478CA /* Stencil */ = {
			isa = XCSwiftPackageProductDependency;
			package = 2A58329F2B281CF200A478CA /* XCRemoteSwiftPackageReference "Stencil" */;
			productName = Stencil;
		};
		2A85B0702B2862E200CF6823 /* libcmark_gfm */ = {
			isa = XCSwiftPackageProductDependency;
			package = 2A85B06F2B2862E200CF6823 /* XCRemoteSwiftPackageReference "libcmark_gfm" */;
			productName = libcmark_gfm;
		};
		2A85B0732B28630E00CF6823 /* SwiftSoup */ = {
			isa = XCSwiftPackageProductDependency;
			package = 2A85B0722B28630E00CF6823 /* XCRemoteSwiftPackageReference "SwiftSoup" */;
			productName = SwiftSoup;
		};
		2A85B0782B28636600CF6823 /* HTMLEntities */ = {
			isa = XCSwiftPackageProductDependency;
			package = 2A85B0772B28636600CF6823 /* XCRemoteSwiftPackageReference "swift-html-entities" */;
			productName = HTMLEntities;
		};
		2AAF30442C9B5264004EA463 /* SwiftSoup */ = {
			isa = XCSwiftPackageProductDependency;
			package = 2A85B0722B28630E00CF6823 /* XCRemoteSwiftPackageReference "SwiftSoup" */;
			productName = SwiftSoup;
		};
		2AAF30462C9B526E004EA463 /* Stencil */ = {
			isa = XCSwiftPackageProductDependency;
			package = 2A58329F2B281CF200A478CA /* XCRemoteSwiftPackageReference "Stencil" */;
			productName = Stencil;
		};
		2AAF304D2C9B534F004EA463 /* libcmark_gfm */ = {
			isa = XCSwiftPackageProductDependency;
			package = 2A85B06F2B2862E200CF6823 /* XCRemoteSwiftPackageReference "libcmark_gfm" */;
			productName = libcmark_gfm;
		};
		2AAF304F2C9B5352004EA463 /* HTMLEntities */ = {
			isa = XCSwiftPackageProductDependency;
			package = 2A85B0772B28636600CF6823 /* XCRemoteSwiftPackageReference "swift-html-entities" */;
			productName = HTMLEntities;
		};
		2AAF30532C9B5395004EA463 /* PlanetSiteTemplates */ = {
			isa = XCSwiftPackageProductDependency;
			package = 2AC03E4F2B15AE7C0026144A /* XCRemoteSwiftPackageReference "PlanetSiteTemplates" */;
			productName = PlanetSiteTemplates;
		};
		2AC03E502B15AE7C0026144A /* PlanetSiteTemplates */ = {
			isa = XCSwiftPackageProductDependency;
			package = 2AC03E4F2B15AE7C0026144A /* XCRemoteSwiftPackageReference "PlanetSiteTemplates" */;
			productName = PlanetSiteTemplates;
		};
/* End XCSwiftPackageProductDependency section */
	};
	rootObject = 2AAF3E32299E07B600CA60AD /* Project object */;
}
