// !$*UTF8*$!
{
	archiveVersion = 1;
	classes = {
	};
	objectVersion = 56;
	objects = {

/* Begin PBXBuildFile section */
		2A4CD10129A40B160085F6CC /* PlanetAttachmentsView.swift in Sources */ = {isa = PBXBuildFile; fileRef = 2A4CD10029A40B160085F6CC /* PlanetAttachmentsView.swift */; };
		2A6380BB2B0E488300CDA12C /* PlanetSiteTemplates in Frameworks */ = {isa = PBXBuildFile; productRef = 2A6380BA2B0E488300CDA12C /* PlanetSiteTemplates */; };
		2A6A01602B062E6C007D3DD0 /* PlanetEditArticleView.swift in Sources */ = {isa = PBXBuildFile; fileRef = 2A6A015F2B062E6C007D3DD0 /* PlanetEditArticleView.swift */; };
		2A6A01622B0BB1E6007D3DD0 /* PlanetMainView.swift in Sources */ = {isa = PBXBuildFile; fileRef = 2A6A01612B0BB1E6007D3DD0 /* PlanetMainView.swift */; };
		2A9C28B12B01FECB001303A7 /* KeychainHelper.swift in Sources */ = {isa = PBXBuildFile; fileRef = 2A9C28B02B01FECB001303A7 /* KeychainHelper.swift */; };
		2A9C28B32B01FF26001303A7 /* PlanetError.swift in Sources */ = {isa = PBXBuildFile; fileRef = 2A9C28B22B01FF26001303A7 /* PlanetError.swift */; };
		2AAF3E3E299E07B600CA60AD /* PlanetApp.swift in Sources */ = {isa = PBXBuildFile; fileRef = 2AAF3E3D299E07B600CA60AD /* PlanetApp.swift */; };
		2AAF3E42299E07B700CA60AD /* Assets.xcassets in Resources */ = {isa = PBXBuildFile; fileRef = 2AAF3E41299E07B700CA60AD /* Assets.xcassets */; };
		2AAF3E45299E07B700CA60AD /* Preview Assets.xcassets in Resources */ = {isa = PBXBuildFile; fileRef = 2AAF3E44299E07B700CA60AD /* Preview Assets.xcassets */; };
		2AAF3E4E299E111300CA60AD /* PlanetAppViewModel.swift in Sources */ = {isa = PBXBuildFile; fileRef = 2AAF3E4D299E111300CA60AD /* PlanetAppViewModel.swift */; };
		2AAF3E50299E112300CA60AD /* PlanetAppView.swift in Sources */ = {isa = PBXBuildFile; fileRef = 2AAF3E4F299E112300CA60AD /* PlanetAppView.swift */; };
		2AAF3E52299E11CE00CA60AD /* PlanetModel.swift in Sources */ = {isa = PBXBuildFile; fileRef = 2AAF3E51299E11CE00CA60AD /* PlanetModel.swift */; };
		2AAF3E54299E16C800CA60AD /* PlanetExtension.swift in Sources */ = {isa = PBXBuildFile; fileRef = 2AAF3E53299E16C800CA60AD /* PlanetExtension.swift */; };
		2AC6A3A529A3F63A00636DC5 /* PlanetTextView.swift in Sources */ = {isa = PBXBuildFile; fileRef = 2AC6A3A429A3F63A00636DC5 /* PlanetTextView.swift */; };
		2AC7CC0229A0ACAA0089C58C /* PlanetSettingsView.swift in Sources */ = {isa = PBXBuildFile; fileRef = 2AC7CC0129A0ACAA0089C58C /* PlanetSettingsView.swift */; };
		2AC7CC0629A0B4E50089C58C /* PlanetSettingsViewModel.swift in Sources */ = {isa = PBXBuildFile; fileRef = 2AC7CC0529A0B4E50089C58C /* PlanetSettingsViewModel.swift */; };
		2AC7CC0829A13E360089C58C /* PlanetMyPlanetsView.swift in Sources */ = {isa = PBXBuildFile; fileRef = 2AC7CC0729A13E360089C58C /* PlanetMyPlanetsView.swift */; };
		2AC7CC0B29A141EF0089C58C /* PlanetManager.swift in Sources */ = {isa = PBXBuildFile; fileRef = 2AC7CC0A29A141EF0089C58C /* PlanetManager.swift */; };
		2AC7CC0D29A143D90089C58C /* PlanetMyPlanetsViewModel.swift in Sources */ = {isa = PBXBuildFile; fileRef = 2AC7CC0C29A143D90089C58C /* PlanetMyPlanetsViewModel.swift */; };
		2AC7CC0F29A153E50089C58C /* PlanetMyPlanetInfoView.swift in Sources */ = {isa = PBXBuildFile; fileRef = 2AC7CC0E29A153E50089C58C /* PlanetMyPlanetInfoView.swift */; };
		2AC7CC1329A156850089C58C /* PlanetNewPlanetView.swift in Sources */ = {isa = PBXBuildFile; fileRef = 2AC7CC1229A156850089C58C /* PlanetNewPlanetView.swift */; };
		2AC7CC2129A240AE0089C58C /* PlanetHelper.swift in Sources */ = {isa = PBXBuildFile; fileRef = 2AC7CC2029A240AE0089C58C /* PlanetHelper.swift */; };
		2AC7CC2329A2AD510089C58C /* PlanetLatestView.swift in Sources */ = {isa = PBXBuildFile; fileRef = 2AC7CC2229A2AD510089C58C /* PlanetLatestView.swift */; };
		2AC7CC2629A2AE6B0089C58C /* PlanetNewArticleView.swift in Sources */ = {isa = PBXBuildFile; fileRef = 2AC7CC2529A2AE6B0089C58C /* PlanetNewArticleView.swift */; };
		2AC7CC2829A2AE9A0089C58C /* PlanetLatestViewModel.swift in Sources */ = {isa = PBXBuildFile; fileRef = 2AC7CC2729A2AE9A0089C58C /* PlanetLatestViewModel.swift */; };
		2AC7CC2A29A38B9A0089C58C /* PlanetLatestItemView.swift in Sources */ = {isa = PBXBuildFile; fileRef = 2AC7CC2929A38B9A0089C58C /* PlanetLatestItemView.swift */; };
		2AC7CC2C29A38E880089C58C /* PlanetArticleView.swift in Sources */ = {isa = PBXBuildFile; fileRef = 2AC7CC2B29A38E880089C58C /* PlanetArticleView.swift */; };
		2AC7CC2E29A3AA2E0089C58C /* PlanetArticleWebView.swift in Sources */ = {isa = PBXBuildFile; fileRef = 2AC7CC2D29A3AA2E0089C58C /* PlanetArticleWebView.swift */; };
		2AC8D6E92B03BE5400AA0E32 /* PlanetAvatarView.swift in Sources */ = {isa = PBXBuildFile; fileRef = 2AC8D6E82B03BE5400AA0E32 /* PlanetAvatarView.swift */; };
		6A4F52502AF4128000323A81 /* ViewUtils.swift in Sources */ = {isa = PBXBuildFile; fileRef = 6A4F524F2AF4128000323A81 /* ViewUtils.swift */; };
		6A5EA27E2AECF9BA006DEBC1 /* BonjourListView.swift in Sources */ = {isa = PBXBuildFile; fileRef = 6A5EA27D2AECF9BA006DEBC1 /* BonjourListView.swift */; };
		6A73C0B62AF5CCFB00EEF711 /* Planet.swift in Sources */ = {isa = PBXBuildFile; fileRef = 6A73C0B52AF5CCFB00EEF711 /* Planet.swift */; };
/* End PBXBuildFile section */

/* Begin PBXFileReference section */
		2A4CD10029A40B160085F6CC /* PlanetAttachmentsView.swift */ = {isa = PBXFileReference; lastKnownFileType = sourcecode.swift; path = PlanetAttachmentsView.swift; sourceTree = "<group>"; };
		2A6A015F2B062E6C007D3DD0 /* PlanetEditArticleView.swift */ = {isa = PBXFileReference; lastKnownFileType = sourcecode.swift; path = PlanetEditArticleView.swift; sourceTree = "<group>"; };
		2A6A01612B0BB1E6007D3DD0 /* PlanetMainView.swift */ = {isa = PBXFileReference; lastKnownFileType = sourcecode.swift; path = PlanetMainView.swift; sourceTree = "<group>"; };
		2A9C28B02B01FECB001303A7 /* KeychainHelper.swift */ = {isa = PBXFileReference; lastKnownFileType = sourcecode.swift; path = KeychainHelper.swift; sourceTree = "<group>"; };
		2A9C28B22B01FF26001303A7 /* PlanetError.swift */ = {isa = PBXFileReference; lastKnownFileType = sourcecode.swift; path = PlanetError.swift; sourceTree = "<group>"; };
		2AAF3E3A299E07B600CA60AD /* Planet.app */ = {isa = PBXFileReference; explicitFileType = wrapper.application; includeInIndex = 0; path = Planet.app; sourceTree = BUILT_PRODUCTS_DIR; };
		2AAF3E3D299E07B600CA60AD /* PlanetApp.swift */ = {isa = PBXFileReference; lastKnownFileType = sourcecode.swift; path = PlanetApp.swift; sourceTree = "<group>"; };
		2AAF3E41299E07B700CA60AD /* Assets.xcassets */ = {isa = PBXFileReference; lastKnownFileType = folder.assetcatalog; path = Assets.xcassets; sourceTree = "<group>"; };
		2AAF3E44299E07B700CA60AD /* Preview Assets.xcassets */ = {isa = PBXFileReference; lastKnownFileType = folder.assetcatalog; path = "Preview Assets.xcassets"; sourceTree = "<group>"; };
		2AAF3E4D299E111300CA60AD /* PlanetAppViewModel.swift */ = {isa = PBXFileReference; lastKnownFileType = sourcecode.swift; path = PlanetAppViewModel.swift; sourceTree = "<group>"; };
		2AAF3E4F299E112300CA60AD /* PlanetAppView.swift */ = {isa = PBXFileReference; lastKnownFileType = sourcecode.swift; path = PlanetAppView.swift; sourceTree = "<group>"; };
		2AAF3E51299E11CE00CA60AD /* PlanetModel.swift */ = {isa = PBXFileReference; lastKnownFileType = sourcecode.swift; path = PlanetModel.swift; sourceTree = "<group>"; };
		2AAF3E53299E16C800CA60AD /* PlanetExtension.swift */ = {isa = PBXFileReference; lastKnownFileType = sourcecode.swift; path = PlanetExtension.swift; sourceTree = "<group>"; };
		2AC6A3A429A3F63A00636DC5 /* PlanetTextView.swift */ = {isa = PBXFileReference; lastKnownFileType = sourcecode.swift; path = PlanetTextView.swift; sourceTree = "<group>"; };
		2AC7CC0129A0ACAA0089C58C /* PlanetSettingsView.swift */ = {isa = PBXFileReference; lastKnownFileType = sourcecode.swift; path = PlanetSettingsView.swift; sourceTree = "<group>"; };
		2AC7CC0529A0B4E50089C58C /* PlanetSettingsViewModel.swift */ = {isa = PBXFileReference; lastKnownFileType = sourcecode.swift; path = PlanetSettingsViewModel.swift; sourceTree = "<group>"; };
		2AC7CC0729A13E360089C58C /* PlanetMyPlanetsView.swift */ = {isa = PBXFileReference; lastKnownFileType = sourcecode.swift; path = PlanetMyPlanetsView.swift; sourceTree = "<group>"; };
		2AC7CC0A29A141EF0089C58C /* PlanetManager.swift */ = {isa = PBXFileReference; lastKnownFileType = sourcecode.swift; path = PlanetManager.swift; sourceTree = "<group>"; };
		2AC7CC0C29A143D90089C58C /* PlanetMyPlanetsViewModel.swift */ = {isa = PBXFileReference; lastKnownFileType = sourcecode.swift; path = PlanetMyPlanetsViewModel.swift; sourceTree = "<group>"; };
		2AC7CC0E29A153E50089C58C /* PlanetMyPlanetInfoView.swift */ = {isa = PBXFileReference; lastKnownFileType = sourcecode.swift; path = PlanetMyPlanetInfoView.swift; sourceTree = "<group>"; };
		2AC7CC1229A156850089C58C /* PlanetNewPlanetView.swift */ = {isa = PBXFileReference; lastKnownFileType = sourcecode.swift; path = PlanetNewPlanetView.swift; sourceTree = "<group>"; };
		2AC7CC1929A1F8350089C58C /* Info.plist */ = {isa = PBXFileReference; lastKnownFileType = text.plist; path = Info.plist; sourceTree = "<group>"; };
		2AC7CC2029A240AE0089C58C /* PlanetHelper.swift */ = {isa = PBXFileReference; lastKnownFileType = sourcecode.swift; path = PlanetHelper.swift; sourceTree = "<group>"; };
		2AC7CC2229A2AD510089C58C /* PlanetLatestView.swift */ = {isa = PBXFileReference; lastKnownFileType = sourcecode.swift; path = PlanetLatestView.swift; sourceTree = "<group>"; };
		2AC7CC2529A2AE6B0089C58C /* PlanetNewArticleView.swift */ = {isa = PBXFileReference; lastKnownFileType = sourcecode.swift; path = PlanetNewArticleView.swift; sourceTree = "<group>"; };
		2AC7CC2729A2AE9A0089C58C /* PlanetLatestViewModel.swift */ = {isa = PBXFileReference; lastKnownFileType = sourcecode.swift; path = PlanetLatestViewModel.swift; sourceTree = "<group>"; };
		2AC7CC2929A38B9A0089C58C /* PlanetLatestItemView.swift */ = {isa = PBXFileReference; lastKnownFileType = sourcecode.swift; path = PlanetLatestItemView.swift; sourceTree = "<group>"; };
		2AC7CC2B29A38E880089C58C /* PlanetArticleView.swift */ = {isa = PBXFileReference; lastKnownFileType = sourcecode.swift; path = PlanetArticleView.swift; sourceTree = "<group>"; };
		2AC7CC2D29A3AA2E0089C58C /* PlanetArticleWebView.swift */ = {isa = PBXFileReference; lastKnownFileType = sourcecode.swift; path = PlanetArticleWebView.swift; sourceTree = "<group>"; };
		2AC8D6E82B03BE5400AA0E32 /* PlanetAvatarView.swift */ = {isa = PBXFileReference; lastKnownFileType = sourcecode.swift; path = PlanetAvatarView.swift; sourceTree = "<group>"; };
		6A30A4762AEFCE53007E763C /* Planet.xcconfig */ = {isa = PBXFileReference; lastKnownFileType = text.xcconfig; path = Planet.xcconfig; sourceTree = "<group>"; };
		6A4F524F2AF4128000323A81 /* ViewUtils.swift */ = {isa = PBXFileReference; lastKnownFileType = sourcecode.swift; path = ViewUtils.swift; sourceTree = "<group>"; };
		6A5EA27D2AECF9BA006DEBC1 /* BonjourListView.swift */ = {isa = PBXFileReference; lastKnownFileType = sourcecode.swift; path = BonjourListView.swift; sourceTree = "<group>"; };
		6A73C0B52AF5CCFB00EEF711 /* Planet.swift */ = {isa = PBXFileReference; lastKnownFileType = sourcecode.swift; path = Planet.swift; sourceTree = "<group>"; };
/* End PBXFileReference section */

/* Begin PBXFrameworksBuildPhase section */
		2AAF3E37299E07B600CA60AD /* Frameworks */ = {
			isa = PBXFrameworksBuildPhase;
			buildActionMask = 2147483647;
			files = (
				2A6380BB2B0E488300CDA12C /* PlanetSiteTemplates in Frameworks */,
			);
			runOnlyForDeploymentPostprocessing = 0;
		};
/* End PBXFrameworksBuildPhase section */

/* Begin PBXGroup section */
		2AAF3E31299E07B600CA60AD = {
			isa = PBXGroup;
			children = (
				2AAF3E3C299E07B600CA60AD /* Planet */,
				2AAF3E3B299E07B600CA60AD /* Products */,
			);
			sourceTree = "<group>";
		};
		2AAF3E3B299E07B600CA60AD /* Products */ = {
			isa = PBXGroup;
			children = (
				2AAF3E3A299E07B600CA60AD /* Planet.app */,
			);
			name = Products;
			sourceTree = "<group>";
		};
		2AAF3E3C299E07B600CA60AD /* Planet */ = {
			isa = PBXGroup;
			children = (
				2AC7CC1929A1F8350089C58C /* Info.plist */,
				2AAF3E3D299E07B600CA60AD /* PlanetApp.swift */,
				2AC7CC0A29A141EF0089C58C /* PlanetManager.swift */,
				2AAF3E51299E11CE00CA60AD /* PlanetModel.swift */,
				2AAF3E53299E16C800CA60AD /* PlanetExtension.swift */,
				2AC7CC2029A240AE0089C58C /* PlanetHelper.swift */,
				2A9C28B22B01FF26001303A7 /* PlanetError.swift */,
				2A9C28B02B01FECB001303A7 /* KeychainHelper.swift */,
				2AC7CC0029A0AC960089C58C /* Views */,
				6A73C0B42AF5CCE100EEF711 /* Models */,
				2AAF3E41299E07B700CA60AD /* Assets.xcassets */,
				2AAF3E43299E07B700CA60AD /* Preview Content */,
				6A30A4762AEFCE53007E763C /* Planet.xcconfig */,
			);
			path = Planet;
			sourceTree = "<group>";
		};
		2AAF3E43299E07B700CA60AD /* Preview Content */ = {
			isa = PBXGroup;
			children = (
				2AAF3E44299E07B700CA60AD /* Preview Assets.xcassets */,
			);
			path = "Preview Content";
			sourceTree = "<group>";
		};
		2AC7CC0029A0AC960089C58C /* Views */ = {
			isa = PBXGroup;
			children = (
				2A6A01612B0BB1E6007D3DD0 /* PlanetMainView.swift */,
				6A5EA27C2AECF97A006DEBC1 /* Bonjour */,
				2AC7CC0329A0B4C80089C58C /* App View */,
				2AC7CC2429A2AD5F0089C58C /* Latest */,
				2AC7CC0929A13E3C0089C58C /* My Planets */,
				2AC7CC0429A0B4D00089C58C /* Settings View */,
				2AC7CC1C29A2081A0089C58C /* Parts */,
			);
			path = Views;
			sourceTree = "<group>";
		};
		2AC7CC0329A0B4C80089C58C /* App View */ = {
			isa = PBXGroup;
			children = (
				2AAF3E4D299E111300CA60AD /* PlanetAppViewModel.swift */,
				2AAF3E4F299E112300CA60AD /* PlanetAppView.swift */,
			);
			path = "App View";
			sourceTree = "<group>";
		};
		2AC7CC0429A0B4D00089C58C /* Settings View */ = {
			isa = PBXGroup;
			children = (
				2AC7CC0129A0ACAA0089C58C /* PlanetSettingsView.swift */,
				2AC7CC0529A0B4E50089C58C /* PlanetSettingsViewModel.swift */,
			);
			path = "Settings View";
			sourceTree = "<group>";
		};
		2AC7CC0929A13E3C0089C58C /* My Planets */ = {
			isa = PBXGroup;
			children = (
				2AC7CC0729A13E360089C58C /* PlanetMyPlanetsView.swift */,
				2AC7CC0E29A153E50089C58C /* PlanetMyPlanetInfoView.swift */,
				2AC7CC0C29A143D90089C58C /* PlanetMyPlanetsViewModel.swift */,
				2AC7CC1229A156850089C58C /* PlanetNewPlanetView.swift */,
			);
			path = "My Planets";
			sourceTree = "<group>";
		};
		2AC7CC1C29A2081A0089C58C /* Parts */ = {
			isa = PBXGroup;
			children = (
				2AC6A3A429A3F63A00636DC5 /* PlanetTextView.swift */,
				2AC8D6E82B03BE5400AA0E32 /* PlanetAvatarView.swift */,
				2A4CD10029A40B160085F6CC /* PlanetAttachmentsView.swift */,
				6A4F524F2AF4128000323A81 /* ViewUtils.swift */,
			);
			path = Parts;
			sourceTree = "<group>";
		};
		2AC7CC2429A2AD5F0089C58C /* Latest */ = {
			isa = PBXGroup;
			children = (
				2AC7CC2229A2AD510089C58C /* PlanetLatestView.swift */,
				2AC7CC2929A38B9A0089C58C /* PlanetLatestItemView.swift */,
				2AC7CC2B29A38E880089C58C /* PlanetArticleView.swift */,
				2AC7CC2D29A3AA2E0089C58C /* PlanetArticleWebView.swift */,
				2AC7CC2529A2AE6B0089C58C /* PlanetNewArticleView.swift */,
				2A6A015F2B062E6C007D3DD0 /* PlanetEditArticleView.swift */,
				2AC7CC2729A2AE9A0089C58C /* PlanetLatestViewModel.swift */,
			);
			path = Latest;
			sourceTree = "<group>";
		};
		6A5EA27C2AECF97A006DEBC1 /* Bonjour */ = {
			isa = PBXGroup;
			children = (
				6A5EA27D2AECF9BA006DEBC1 /* BonjourListView.swift */,
			);
			path = Bonjour;
			sourceTree = "<group>";
		};
		6A73C0B42AF5CCE100EEF711 /* Models */ = {
			isa = PBXGroup;
			children = (
				6A73C0B52AF5CCFB00EEF711 /* Planet.swift */,
			);
			path = Models;
			sourceTree = "<group>";
		};
/* End PBXGroup section */

/* Begin PBXNativeTarget section */
		2AAF3E39299E07B600CA60AD /* Planet */ = {
			isa = PBXNativeTarget;
			buildConfigurationList = 2AAF3E48299E07B700CA60AD /* Build configuration list for PBXNativeTarget "Planet" */;
			buildPhases = (
				2AAF3E36299E07B600CA60AD /* Sources */,
				2AAF3E37299E07B600CA60AD /* Frameworks */,
				2AAF3E38299E07B600CA60AD /* Resources */,
			);
			buildRules = (
			);
			dependencies = (
			);
			name = Planet;
			packageProductDependencies = (
				2A6380BA2B0E488300CDA12C /* PlanetSiteTemplates */,
			);
			productName = Planet;
			productReference = 2AAF3E3A299E07B600CA60AD /* Planet.app */;
			productType = "com.apple.product-type.application";
		};
/* End PBXNativeTarget section */

/* Begin PBXProject section */
		2AAF3E32299E07B600CA60AD /* Project object */ = {
			isa = PBXProject;
			attributes = {
				BuildIndependentTargetsInParallel = 1;
				LastSwiftUpdateCheck = 1420;
				LastUpgradeCheck = 1500;
				TargetAttributes = {
					2AAF3E39299E07B600CA60AD = {
						CreatedOnToolsVersion = 14.2;
					};
				};
			};
			buildConfigurationList = 2AAF3E35299E07B600CA60AD /* Build configuration list for PBXProject "Planet" */;
			compatibilityVersion = "Xcode 14.0";
			developmentRegion = en;
			hasScannedForEncodings = 0;
			knownRegions = (
				en,
				Base,
			);
			mainGroup = 2AAF3E31299E07B600CA60AD;
			packageReferences = (
				2A6380B92B0E488300CDA12C /* XCRemoteSwiftPackageReference "PlanetSiteTemplates" */,
			);
			productRefGroup = 2AAF3E3B299E07B600CA60AD /* Products */;
			projectDirPath = "";
			projectRoot = "";
			targets = (
				2AAF3E39299E07B600CA60AD /* Planet */,
			);
		};
/* End PBXProject section */

/* Begin PBXResourcesBuildPhase section */
		2AAF3E38299E07B600CA60AD /* Resources */ = {
			isa = PBXResourcesBuildPhase;
			buildActionMask = 2147483647;
			files = (
				2AAF3E45299E07B700CA60AD /* Preview Assets.xcassets in Resources */,
				2AAF3E42299E07B700CA60AD /* Assets.xcassets in Resources */,
			);
			runOnlyForDeploymentPostprocessing = 0;
		};
/* End PBXResourcesBuildPhase section */

/* Begin PBXSourcesBuildPhase section */
		2AAF3E36299E07B600CA60AD /* Sources */ = {
			isa = PBXSourcesBuildPhase;
			buildActionMask = 2147483647;
			files = (
				2AAF3E4E299E111300CA60AD /* PlanetAppViewModel.swift in Sources */,
				2AC7CC0629A0B4E50089C58C /* PlanetSettingsViewModel.swift in Sources */,
				2AC7CC0D29A143D90089C58C /* PlanetMyPlanetsViewModel.swift in Sources */,
				2AC7CC2629A2AE6B0089C58C /* PlanetNewArticleView.swift in Sources */,
				2AC7CC2129A240AE0089C58C /* PlanetHelper.swift in Sources */,
				2AC7CC0829A13E360089C58C /* PlanetMyPlanetsView.swift in Sources */,
				6A4F52502AF4128000323A81 /* ViewUtils.swift in Sources */,
				2AAF3E54299E16C800CA60AD /* PlanetExtension.swift in Sources */,
				2AC8D6E92B03BE5400AA0E32 /* PlanetAvatarView.swift in Sources */,
				2AAF3E50299E112300CA60AD /* PlanetAppView.swift in Sources */,
				2AC7CC0229A0ACAA0089C58C /* PlanetSettingsView.swift in Sources */,
				2A6A01602B062E6C007D3DD0 /* PlanetEditArticleView.swift in Sources */,
				2AC7CC0F29A153E50089C58C /* PlanetMyPlanetInfoView.swift in Sources */,
				2AAF3E3E299E07B600CA60AD /* PlanetApp.swift in Sources */,
				2A4CD10129A40B160085F6CC /* PlanetAttachmentsView.swift in Sources */,
				2AC7CC2A29A38B9A0089C58C /* PlanetLatestItemView.swift in Sources */,
				2AC7CC2C29A38E880089C58C /* PlanetArticleView.swift in Sources */,
				2AC7CC2E29A3AA2E0089C58C /* PlanetArticleWebView.swift in Sources */,
				2AC7CC1329A156850089C58C /* PlanetNewPlanetView.swift in Sources */,
				2A6A01622B0BB1E6007D3DD0 /* PlanetMainView.swift in Sources */,
				2AC7CC2329A2AD510089C58C /* PlanetLatestView.swift in Sources */,
				2AAF3E52299E11CE00CA60AD /* PlanetModel.swift in Sources */,
				2AC7CC0B29A141EF0089C58C /* PlanetManager.swift in Sources */,
				2A9C28B12B01FECB001303A7 /* KeychainHelper.swift in Sources */,
				2A9C28B32B01FF26001303A7 /* PlanetError.swift in Sources */,
				2AC7CC2829A2AE9A0089C58C /* PlanetLatestViewModel.swift in Sources */,
				6A5EA27E2AECF9BA006DEBC1 /* BonjourListView.swift in Sources */,
				2AC6A3A529A3F63A00636DC5 /* PlanetTextView.swift in Sources */,
				6A73C0B62AF5CCFB00EEF711 /* Planet.swift in Sources */,
			);
			runOnlyForDeploymentPostprocessing = 0;
		};
/* End PBXSourcesBuildPhase section */

/* Begin XCBuildConfiguration section */
		2AAF3E46299E07B700CA60AD /* Debug */ = {
			isa = XCBuildConfiguration;
			buildSettings = {
				ALWAYS_SEARCH_USER_PATHS = NO;
				CLANG_ANALYZER_NONNULL = YES;
				CLANG_ANALYZER_NUMBER_OBJECT_CONVERSION = YES_AGGRESSIVE;
				CLANG_CXX_LANGUAGE_STANDARD = "gnu++20";
				CLANG_ENABLE_MODULES = YES;
				CLANG_ENABLE_OBJC_ARC = YES;
				CLANG_ENABLE_OBJC_WEAK = YES;
				CLANG_WARN_BLOCK_CAPTURE_AUTORELEASING = YES;
				CLANG_WARN_BOOL_CONVERSION = YES;
				CLANG_WARN_COMMA = YES;
				CLANG_WARN_CONSTANT_CONVERSION = YES;
				CLANG_WARN_DEPRECATED_OBJC_IMPLEMENTATIONS = YES;
				CLANG_WARN_DIRECT_OBJC_ISA_USAGE = YES_ERROR;
				CLANG_WARN_DOCUMENTATION_COMMENTS = YES;
				CLANG_WARN_EMPTY_BODY = YES;
				CLANG_WARN_ENUM_CONVERSION = YES;
				CLANG_WARN_INFINITE_RECURSION = YES;
				CLANG_WARN_INT_CONVERSION = YES;
				CLANG_WARN_NON_LITERAL_NULL_CONVERSION = YES;
				CLANG_WARN_OBJC_IMPLICIT_RETAIN_SELF = YES;
				CLANG_WARN_OBJC_LITERAL_CONVERSION = YES;
				CLANG_WARN_OBJC_ROOT_CLASS = YES_ERROR;
				CLANG_WARN_QUOTED_INCLUDE_IN_FRAMEWORK_HEADER = YES;
				CLANG_WARN_RANGE_LOOP_ANALYSIS = YES;
				CLANG_WARN_STRICT_PROTOTYPES = YES;
				CLANG_WARN_SUSPICIOUS_MOVE = YES;
				CLANG_WARN_UNGUARDED_AVAILABILITY = YES_AGGRESSIVE;
				CLANG_WARN_UNREACHABLE_CODE = YES;
				CLANG_WARN__DUPLICATE_METHOD_MATCH = YES;
				COPY_PHASE_STRIP = NO;
				DEBUG_INFORMATION_FORMAT = dwarf;
				ENABLE_STRICT_OBJC_MSGSEND = YES;
				ENABLE_TESTABILITY = YES;
				ENABLE_USER_SCRIPT_SANDBOXING = YES;
				GCC_C_LANGUAGE_STANDARD = gnu11;
				GCC_DYNAMIC_NO_PIC = NO;
				GCC_NO_COMMON_BLOCKS = YES;
				GCC_OPTIMIZATION_LEVEL = 0;
				GCC_PREPROCESSOR_DEFINITIONS = (
					"DEBUG=1",
					"$(inherited)",
				);
				GCC_WARN_64_TO_32_BIT_CONVERSION = YES;
				GCC_WARN_ABOUT_RETURN_TYPE = YES_ERROR;
				GCC_WARN_UNDECLARED_SELECTOR = YES;
				GCC_WARN_UNINITIALIZED_AUTOS = YES_AGGRESSIVE;
				GCC_WARN_UNUSED_FUNCTION = YES;
				GCC_WARN_UNUSED_VARIABLE = YES;
				IPHONEOS_DEPLOYMENT_TARGET = 16.0;
				MTL_ENABLE_DEBUG_INFO = INCLUDE_SOURCE;
				MTL_FAST_MATH = YES;
				ONLY_ACTIVE_ARCH = YES;
				SDKROOT = iphoneos;
				SWIFT_ACTIVE_COMPILATION_CONDITIONS = DEBUG;
				SWIFT_OPTIMIZATION_LEVEL = "-Onone";
			};
			name = Debug;
		};
		2AAF3E47299E07B700CA60AD /* Release */ = {
			isa = XCBuildConfiguration;
			buildSettings = {
				ALWAYS_SEARCH_USER_PATHS = NO;
				CLANG_ANALYZER_NONNULL = YES;
				CLANG_ANALYZER_NUMBER_OBJECT_CONVERSION = YES_AGGRESSIVE;
				CLANG_CXX_LANGUAGE_STANDARD = "gnu++20";
				CLANG_ENABLE_MODULES = YES;
				CLANG_ENABLE_OBJC_ARC = YES;
				CLANG_ENABLE_OBJC_WEAK = YES;
				CLANG_WARN_BLOCK_CAPTURE_AUTORELEASING = YES;
				CLANG_WARN_BOOL_CONVERSION = YES;
				CLANG_WARN_COMMA = YES;
				CLANG_WARN_CONSTANT_CONVERSION = YES;
				CLANG_WARN_DEPRECATED_OBJC_IMPLEMENTATIONS = YES;
				CLANG_WARN_DIRECT_OBJC_ISA_USAGE = YES_ERROR;
				CLANG_WARN_DOCUMENTATION_COMMENTS = YES;
				CLANG_WARN_EMPTY_BODY = YES;
				CLANG_WARN_ENUM_CONVERSION = YES;
				CLANG_WARN_INFINITE_RECURSION = YES;
				CLANG_WARN_INT_CONVERSION = YES;
				CLANG_WARN_NON_LITERAL_NULL_CONVERSION = YES;
				CLANG_WARN_OBJC_IMPLICIT_RETAIN_SELF = YES;
				CLANG_WARN_OBJC_LITERAL_CONVERSION = YES;
				CLANG_WARN_OBJC_ROOT_CLASS = YES_ERROR;
				CLANG_WARN_QUOTED_INCLUDE_IN_FRAMEWORK_HEADER = YES;
				CLANG_WARN_RANGE_LOOP_ANALYSIS = YES;
				CLANG_WARN_STRICT_PROTOTYPES = YES;
				CLANG_WARN_SUSPICIOUS_MOVE = YES;
				CLANG_WARN_UNGUARDED_AVAILABILITY = YES_AGGRESSIVE;
				CLANG_WARN_UNREACHABLE_CODE = YES;
				CLANG_WARN__DUPLICATE_METHOD_MATCH = YES;
				COPY_PHASE_STRIP = NO;
				DEBUG_INFORMATION_FORMAT = "dwarf-with-dsym";
				ENABLE_NS_ASSERTIONS = NO;
				ENABLE_STRICT_OBJC_MSGSEND = YES;
				ENABLE_USER_SCRIPT_SANDBOXING = YES;
				GCC_C_LANGUAGE_STANDARD = gnu11;
				GCC_NO_COMMON_BLOCKS = YES;
				GCC_WARN_64_TO_32_BIT_CONVERSION = YES;
				GCC_WARN_ABOUT_RETURN_TYPE = YES_ERROR;
				GCC_WARN_UNDECLARED_SELECTOR = YES;
				GCC_WARN_UNINITIALIZED_AUTOS = YES_AGGRESSIVE;
				GCC_WARN_UNUSED_FUNCTION = YES;
				GCC_WARN_UNUSED_VARIABLE = YES;
				IPHONEOS_DEPLOYMENT_TARGET = 16.0;
				MTL_ENABLE_DEBUG_INFO = NO;
				MTL_FAST_MATH = YES;
				SDKROOT = iphoneos;
				SWIFT_COMPILATION_MODE = wholemodule;
				SWIFT_OPTIMIZATION_LEVEL = "-O";
				VALIDATE_PRODUCT = YES;
			};
			name = Release;
		};
		2AAF3E49299E07B700CA60AD /* Debug */ = {
			isa = XCBuildConfiguration;
			baseConfigurationReference = 6A30A4762AEFCE53007E763C /* Planet.xcconfig */;
			buildSettings = {
				ASSETCATALOG_COMPILER_APPICON_NAME = AppIcon;
				ASSETCATALOG_COMPILER_GLOBAL_ACCENT_COLOR_NAME = AccentColor;
				CODE_SIGN_STYLE = Automatic;
				CURRENT_PROJECT_VERSION = 1;
				DEVELOPMENT_ASSET_PATHS = "\"Planet/Preview Content\"";
				ENABLE_PREVIEWS = YES;
				GENERATE_INFOPLIST_FILE = YES;
				INFOPLIST_FILE = Planet/Info.plist;
				INFOPLIST_KEY_CFBundleDisplayName = Planet;
				INFOPLIST_KEY_UIApplicationSceneManifest_Generation = YES;
				INFOPLIST_KEY_UIApplicationSupportsIndirectInputEvents = YES;
				INFOPLIST_KEY_UILaunchScreen_Generation = YES;
				INFOPLIST_KEY_UISupportedInterfaceOrientations = UIInterfaceOrientationPortrait;
				INFOPLIST_KEY_UISupportedInterfaceOrientations_iPad = "UIInterfaceOrientationLandscapeLeft UIInterfaceOrientationLandscapeRight UIInterfaceOrientationPortrait UIInterfaceOrientationPortraitUpsideDown";
				IPHONEOS_DEPLOYMENT_TARGET = 16.0;
				LD_RUNPATH_SEARCH_PATHS = (
					"$(inherited)",
					"@executable_path/Frameworks",
				);
				MARKETING_VERSION = 1.0;
				PRODUCT_BUNDLE_IDENTIFIER = space.airwolf.Planet;
				PRODUCT_NAME = "$(TARGET_NAME)";
				SUPPORTED_PLATFORMS = "iphoneos iphonesimulator";
				SUPPORTS_MACCATALYST = NO;
				SUPPORTS_MAC_DESIGNED_FOR_IPHONE_IPAD = YES;
				SWIFT_EMIT_LOC_STRINGS = YES;
				SWIFT_VERSION = 5.0;
				TARGETED_DEVICE_FAMILY = 1;
			};
			name = Debug;
		};
		2AAF3E4A299E07B700CA60AD /* Release */ = {
			isa = XCBuildConfiguration;
			baseConfigurationReference = 6A30A4762AEFCE53007E763C /* Planet.xcconfig */;
			buildSettings = {
				ASSETCATALOG_COMPILER_APPICON_NAME = AppIcon;
				ASSETCATALOG_COMPILER_GLOBAL_ACCENT_COLOR_NAME = AccentColor;
				CODE_SIGN_STYLE = Automatic;
				CURRENT_PROJECT_VERSION = 1;
				DEVELOPMENT_ASSET_PATHS = "\"Planet/Preview Content\"";
				ENABLE_PREVIEWS = YES;
				GENERATE_INFOPLIST_FILE = YES;
				INFOPLIST_FILE = Planet/Info.plist;
				INFOPLIST_KEY_CFBundleDisplayName = Planet;
				INFOPLIST_KEY_UIApplicationSceneManifest_Generation = YES;
				INFOPLIST_KEY_UIApplicationSupportsIndirectInputEvents = YES;
				INFOPLIST_KEY_UILaunchScreen_Generation = YES;
				INFOPLIST_KEY_UISupportedInterfaceOrientations = UIInterfaceOrientationPortrait;
				INFOPLIST_KEY_UISupportedInterfaceOrientations_iPad = "UIInterfaceOrientationLandscapeLeft UIInterfaceOrientationLandscapeRight UIInterfaceOrientationPortrait UIInterfaceOrientationPortraitUpsideDown";
				IPHONEOS_DEPLOYMENT_TARGET = 16.0;
				LD_RUNPATH_SEARCH_PATHS = (
					"$(inherited)",
					"@executable_path/Frameworks",
				);
				MARKETING_VERSION = 1.0;
				PRODUCT_BUNDLE_IDENTIFIER = space.airwolf.Planet;
				PRODUCT_NAME = "$(TARGET_NAME)";
				SUPPORTED_PLATFORMS = "iphoneos iphonesimulator";
				SUPPORTS_MACCATALYST = NO;
				SUPPORTS_MAC_DESIGNED_FOR_IPHONE_IPAD = YES;
				SWIFT_EMIT_LOC_STRINGS = YES;
				SWIFT_VERSION = 5.0;
				TARGETED_DEVICE_FAMILY = 1;
			};
			name = Release;
		};
/* End XCBuildConfiguration section */

/* Begin XCConfigurationList section */
		2AAF3E35299E07B600CA60AD /* Build configuration list for PBXProject "Planet" */ = {
			isa = XCConfigurationList;
			buildConfigurations = (
				2AAF3E46299E07B700CA60AD /* Debug */,
				2AAF3E47299E07B700CA60AD /* Release */,
			);
			defaultConfigurationIsVisible = 0;
			defaultConfigurationName = Release;
		};
		2AAF3E48299E07B700CA60AD /* Build configuration list for PBXNativeTarget "Planet" */ = {
			isa = XCConfigurationList;
			buildConfigurations = (
				2AAF3E49299E07B700CA60AD /* Debug */,
				2AAF3E4A299E07B700CA60AD /* Release */,
			);
			defaultConfigurationIsVisible = 0;
			defaultConfigurationName = Release;
		};
/* End XCConfigurationList section */

/* Begin XCRemoteSwiftPackageReference section */
		2A6380B92B0E488300CDA12C /* XCRemoteSwiftPackageReference "PlanetSiteTemplates" */ = {
			isa = XCRemoteSwiftPackageReference;
			repositoryURL = "https://github.com/Planetable/PlanetSiteTemplates.git";
			requirement = {
				branch = main;
				kind = branch;
			};
		};
/* End XCRemoteSwiftPackageReference section */

/* Begin XCSwiftPackageProductDependency section */
		2A6380BA2B0E488300CDA12C /* PlanetSiteTemplates */ = {
			isa = XCSwiftPackageProductDependency;
			package = 2A6380B92B0E488300CDA12C /* XCRemoteSwiftPackageReference "PlanetSiteTemplates" */;
			productName = PlanetSiteTemplates;
		};
/* End XCSwiftPackageProductDependency section */
	};
	rootObject = 2AAF3E32299E07B600CA60AD /* Project object */;
}
